// !$*UTF8*$!
{
	archiveVersion = 1;
	classes = {
	};
	objectVersion = 46;
	objects = {

/* Begin PBXBuildFile section */
		0C02AB5221682BD2007DB327 /* StringToImageController.swift in Sources */ = {isa = PBXBuildFile; fileRef = 0C02AB4E21682BD2007DB327 /* StringToImageController.swift */; };
		0C02AB5321682BD2007DB327 /* StringToImageView.swift in Sources */ = {isa = PBXBuildFile; fileRef = 0C02AB4F21682BD2007DB327 /* StringToImageView.swift */; };
		0C02AB5521682BD2007DB327 /* StringToImageView.xib in Resources */ = {isa = PBXBuildFile; fileRef = 0C02AB5121682BD2007DB327 /* StringToImageView.xib */; };
		0CB88322216455D90073459D /* UIImageView.swift in Sources */ = {isa = PBXBuildFile; fileRef = 0CB88321216455D90073459D /* UIImageView.swift */; };
		0CB8BAB4216F82FF00C8D6C1 /* Comparable.swift in Sources */ = {isa = PBXBuildFile; fileRef = 0CB8BAB3216F82FF00C8D6C1 /* Comparable.swift */; };
		0CB8BAB6216F835E00C8D6C1 /* ComparableSpec.swift in Sources */ = {isa = PBXBuildFile; fileRef = 0CB8BAB5216F835E00C8D6C1 /* ComparableSpec.swift */; };
		2D9229821F5D9BF5004F9A80 /* Assets.xcassets in Resources */ = {isa = PBXBuildFile; fileRef = B82058CE1EEF39230002D7D4 /* Assets.xcassets */; };
		653DCB8921DE7B5200C1C332 /* LongPressRecognizer.swift in Sources */ = {isa = PBXBuildFile; fileRef = 653DCB8221DE7B5200C1C332 /* LongPressRecognizer.swift */; };
		653DCB8A21DE7B5200C1C332 /* PanRecognizer.swift in Sources */ = {isa = PBXBuildFile; fileRef = 653DCB8321DE7B5200C1C332 /* PanRecognizer.swift */; };
		653DCB8B21DE7B5200C1C332 /* RotationRecognizer.swift in Sources */ = {isa = PBXBuildFile; fileRef = 653DCB8421DE7B5200C1C332 /* RotationRecognizer.swift */; };
		653DCB8C21DE7B5200C1C332 /* PinchRecognizer.swift in Sources */ = {isa = PBXBuildFile; fileRef = 653DCB8521DE7B5200C1C332 /* PinchRecognizer.swift */; };
		653DCB8D21DE7B5200C1C332 /* ScreenEdgePanRecognizer.swift in Sources */ = {isa = PBXBuildFile; fileRef = 653DCB8621DE7B5200C1C332 /* ScreenEdgePanRecognizer.swift */; };
		653DCB8E21DE7B5200C1C332 /* SwipeRecognizer.swift in Sources */ = {isa = PBXBuildFile; fileRef = 653DCB8721DE7B5200C1C332 /* SwipeRecognizer.swift */; };
		653DCB8F21DE7B5200C1C332 /* TapRecognizer.swift in Sources */ = {isa = PBXBuildFile; fileRef = 653DCB8821DE7B5200C1C332 /* TapRecognizer.swift */; };
		653DCB9721DE7B5F00C1C332 /* RotationRecognizerSpec.swift in Sources */ = {isa = PBXBuildFile; fileRef = 653DCB9021DE7B5F00C1C332 /* RotationRecognizerSpec.swift */; };
		653DCB9821DE7B5F00C1C332 /* LongPressRecognizerSpec.swift in Sources */ = {isa = PBXBuildFile; fileRef = 653DCB9121DE7B5F00C1C332 /* LongPressRecognizerSpec.swift */; };
		653DCB9921DE7B5F00C1C332 /* ScreenEdgePanRecognizerSpec.swift in Sources */ = {isa = PBXBuildFile; fileRef = 653DCB9221DE7B5F00C1C332 /* ScreenEdgePanRecognizerSpec.swift */; };
		653DCB9A21DE7B5F00C1C332 /* TapRecognizerSpec.swift in Sources */ = {isa = PBXBuildFile; fileRef = 653DCB9321DE7B5F00C1C332 /* TapRecognizerSpec.swift */; };
		653DCB9B21DE7B5F00C1C332 /* SwipeRecognizerSpec.swift in Sources */ = {isa = PBXBuildFile; fileRef = 653DCB9421DE7B5F00C1C332 /* SwipeRecognizerSpec.swift */; };
		653DCB9C21DE7B5F00C1C332 /* PinchRecognizerSpec.swift in Sources */ = {isa = PBXBuildFile; fileRef = 653DCB9521DE7B5F00C1C332 /* PinchRecognizerSpec.swift */; };
		653DCB9D21DE7B5F00C1C332 /* PanRecognizerSpec.swift in Sources */ = {isa = PBXBuildFile; fileRef = 653DCB9621DE7B5F00C1C332 /* PanRecognizerSpec.swift */; };
		9D896ABC1CDE3EC5008B0E5F /* WolmoCore.h in Headers */ = {isa = PBXBuildFile; fileRef = 9D896ABB1CDE3EC5008B0E5F /* WolmoCore.h */; settings = {ATTRIBUTES = (Public, ); }; };
		9D896AC31CDE3EC5008B0E5F /* WolmoCore.framework in Frameworks */ = {isa = PBXBuildFile; fileRef = 9D896AB81CDE3EC5008B0E5F /* WolmoCore.framework */; };
		9D896AEB1CDE642F008B0E5F /* Nimble.framework in Frameworks */ = {isa = PBXBuildFile; fileRef = 9D896AE91CDE642F008B0E5F /* Nimble.framework */; };
		9D896AEC1CDE642F008B0E5F /* Quick.framework in Frameworks */ = {isa = PBXBuildFile; fileRef = 9D896AEA1CDE642F008B0E5F /* Quick.framework */; };
		9D896AEE1CDE64FF008B0E5F /* Nimble.framework in CopyFiles */ = {isa = PBXBuildFile; fileRef = 9D896AE91CDE642F008B0E5F /* Nimble.framework */; settings = {ATTRIBUTES = (CodeSignOnCopy, RemoveHeadersOnCopy, ); }; };
		9D896AEF1CDE64FF008B0E5F /* Quick.framework in CopyFiles */ = {isa = PBXBuildFile; fileRef = 9D896AEA1CDE642F008B0E5F /* Quick.framework */; settings = {ATTRIBUTES = (CodeSignOnCopy, RemoveHeadersOnCopy, ); }; };
		AECEB3A4227CD8280070C01F /* CardsViewController.swift in Sources */ = {isa = PBXBuildFile; fileRef = AECEB3A3227CD8280070C01F /* CardsViewController.swift */; };
		AECEB4B02281F79C0070C01F /* AnimationsViewController.swift in Sources */ = {isa = PBXBuildFile; fileRef = AECEB4AF2281F79C0070C01F /* AnimationsViewController.swift */; };
		AECEB4B2228221110070C01F /* SimpleExample.swift in Sources */ = {isa = PBXBuildFile; fileRef = AECEB4B1228221110070C01F /* SimpleExample.swift */; };
		B82058CD1EEF33950002D7D4 /* UIImageSpec.swift in Sources */ = {isa = PBXBuildFile; fileRef = B82058CC1EEF33950002D7D4 /* UIImageSpec.swift */; };
		B8CF9A8C1EE9EF6E0063F951 /* UIImage.swift in Sources */ = {isa = PBXBuildFile; fileRef = B8CF9A8B1EE9EF6E0063F951 /* UIImage.swift */; };
		B959481A1D3EA039003A082F /* AVFoundation.framework in Frameworks */ = {isa = PBXBuildFile; fileRef = B95948191D3EA039003A082F /* AVFoundation.framework */; };
		B959481C1D3EA051003A082F /* UIKit.framework in Frameworks */ = {isa = PBXBuildFile; fileRef = B959481B1D3EA051003A082F /* UIKit.framework */; };
		B959481E1D3EA060003A082F /* Foundation.framework in Frameworks */ = {isa = PBXBuildFile; fileRef = B959481D1D3EA060003A082F /* Foundation.framework */; };
		B988B9731D244BAE00824685 /* AssociatedObject.swift in Sources */ = {isa = PBXBuildFile; fileRef = B988B9721D244BAE00824685 /* AssociatedObject.swift */; };
		B988B97C1D244D6300824685 /* AlertViewPresenter.swift in Sources */ = {isa = PBXBuildFile; fileRef = B988B9771D244D6300824685 /* AlertViewPresenter.swift */; };
		B988B97D1D244D6300824685 /* ConfirmationAlertViewModel.swift in Sources */ = {isa = PBXBuildFile; fileRef = B988B9781D244D6300824685 /* ConfirmationAlertViewModel.swift */; };
		B988B97E1D244D6300824685 /* ErrorAlertViewModel.swift in Sources */ = {isa = PBXBuildFile; fileRef = B988B9791D244D6300824685 /* ErrorAlertViewModel.swift */; };
		B988B9811D24621000824685 /* DeviceType.swift in Sources */ = {isa = PBXBuildFile; fileRef = B988B9801D24621000824685 /* DeviceType.swift */; };
		B9F63CC21D5CE7FA00D09C1D /* Identifiable.swift in Sources */ = {isa = PBXBuildFile; fileRef = B9F63CC11D5CE7FA00D09C1D /* Identifiable.swift */; };
		CE0DA7D11FD847D600D0B1E3 /* Gradient.swift in Sources */ = {isa = PBXBuildFile; fileRef = CE0DA7D01FD847D600D0B1E3 /* Gradient.swift */; };
		CE1186891EA79EFF00105D6F /* NibLoadable.swift in Sources */ = {isa = PBXBuildFile; fileRef = CE1186881EA79EFF00105D6F /* NibLoadable.swift */; };
		CE11868B1EA7A0CD00105D6F /* UITableViewSpec.swift in Sources */ = {isa = PBXBuildFile; fileRef = CE11868A1EA7A0CD00105D6F /* UITableViewSpec.swift */; };
		CE11868D1EA7A0E100105D6F /* UICollectionViewSpec.swift in Sources */ = {isa = PBXBuildFile; fileRef = CE11868C1EA7A0E100105D6F /* UICollectionViewSpec.swift */; };
		CE1186921EA7A5FE00105D6F /* General.swift in Sources */ = {isa = PBXBuildFile; fileRef = CE1186911EA7A5FE00105D6F /* General.swift */; };
		CE1186941EA7A7C600105D6F /* GeneralSpec.swift in Sources */ = {isa = PBXBuildFile; fileRef = CE1186931EA7A7C600105D6F /* GeneralSpec.swift */; };
		CE1186961EA7C70700105D6F /* NibLoadableCollectionView.xib in Resources */ = {isa = PBXBuildFile; fileRef = CE1186951EA7C70700105D6F /* NibLoadableCollectionView.xib */; };
		CE1186981EA7C7F800105D6F /* NibLoadableCollectionCell.xib in Resources */ = {isa = PBXBuildFile; fileRef = CE1186971EA7C7F800105D6F /* NibLoadableCollectionCell.xib */; };
		CE11869A1EA7C84D00105D6F /* NibLoadableTableCell.xib in Resources */ = {isa = PBXBuildFile; fileRef = CE1186991EA7C84D00105D6F /* NibLoadableTableCell.xib */; };
		CE11869C1EA7C9C600105D6F /* NibLoadableTableViewCustom.xib in Resources */ = {isa = PBXBuildFile; fileRef = CE11869B1EA7C9C600105D6F /* NibLoadableTableViewCustom.xib */; };
		CE11869E1EA7C9DE00105D6F /* Resources.swift in Sources */ = {isa = PBXBuildFile; fileRef = CE11869D1EA7C9DE00105D6F /* Resources.swift */; };
		CE1186A01EA7CA7900105D6F /* NibLoadableSpec.swift in Sources */ = {isa = PBXBuildFile; fileRef = CE11869F1EA7CA7900105D6F /* NibLoadableSpec.swift */; };
		CE1186A61EA7E2A200105D6F /* NibLoadableUICollectionView.xib in Resources */ = {isa = PBXBuildFile; fileRef = CE1186A51EA7E2A200105D6F /* NibLoadableUICollectionView.xib */; };
		CE1186A81EA7EF2E00105D6F /* NibLoadableUITableView.xib in Resources */ = {isa = PBXBuildFile; fileRef = CE1186A71EA7EF2E00105D6F /* NibLoadableUITableView.xib */; };
		CE1186AC1EA7F67800105D6F /* BundleSpec.swift in Sources */ = {isa = PBXBuildFile; fileRef = CE1186AB1EA7F67800105D6F /* BundleSpec.swift */; };
		CE1DDFDD209A646B007471A0 /* ChainedAnimation.swift in Sources */ = {isa = PBXBuildFile; fileRef = CE1DDFD8209A646B007471A0 /* ChainedAnimation.swift */; };
		CE1DDFDE209A646B007471A0 /* SimpleAnimation.swift in Sources */ = {isa = PBXBuildFile; fileRef = CE1DDFD9209A646B007471A0 /* SimpleAnimation.swift */; };
		CE1DDFDF209A646B007471A0 /* Animation.swift in Sources */ = {isa = PBXBuildFile; fileRef = CE1DDFDA209A646B007471A0 /* Animation.swift */; };
		CE1DDFE0209A646B007471A0 /* UIViewExtension.swift in Sources */ = {isa = PBXBuildFile; fileRef = CE1DDFDB209A646B007471A0 /* UIViewExtension.swift */; };
		CE1DDFE1209A646B007471A0 /* MixedAnimation.swift in Sources */ = {isa = PBXBuildFile; fileRef = CE1DDFDC209A646B007471A0 /* MixedAnimation.swift */; };
		CE1DDFEC209A653F007471A0 /* AVFoundation.framework in Frameworks */ = {isa = PBXBuildFile; fileRef = B95948191D3EA039003A082F /* AVFoundation.framework */; };
		CE1DDFED209A653F007471A0 /* Foundation.framework in Frameworks */ = {isa = PBXBuildFile; fileRef = B959481D1D3EA060003A082F /* Foundation.framework */; };
		CE1DDFEE209A653F007471A0 /* UIKit.framework in Frameworks */ = {isa = PBXBuildFile; fileRef = B959481B1D3EA051003A082F /* UIKit.framework */; };
		CE1DDFF3209A653F007471A0 /* WolmoCore.framework in Frameworks */ = {isa = PBXBuildFile; fileRef = 9D896AB81CDE3EC5008B0E5F /* WolmoCore.framework */; };
		CE1DDFF5209A653F007471A0 /* View.xib in Resources */ = {isa = PBXBuildFile; fileRef = CEB8ED511FE9688E0037ED3D /* View.xib */; };
		CE1DDFF6209A653F007471A0 /* LaunchScreen.storyboard in Resources */ = {isa = PBXBuildFile; fileRef = CEB8ED2E1FE968410037ED3D /* LaunchScreen.storyboard */; };
		CE1DDFF7209A653F007471A0 /* Assets.xcassets in Resources */ = {isa = PBXBuildFile; fileRef = CEB8ED2C1FE968410037ED3D /* Assets.xcassets */; };
		CE1DDFF8209A653F007471A0 /* ChildView.xib in Resources */ = {isa = PBXBuildFile; fileRef = CEB8ED551FE968B40037ED3D /* ChildView.xib */; };
		CE1DDFFE209A653F007471A0 /* WolmoCore.framework in Copy Frameworks */ = {isa = PBXBuildFile; fileRef = 9D896AB81CDE3EC5008B0E5F /* WolmoCore.framework */; settings = {ATTRIBUTES = (CodeSignOnCopy, RemoveHeadersOnCopy, ); }; };
		CE228AE01EF2FE1E00097B19 /* UIFont.swift in Sources */ = {isa = PBXBuildFile; fileRef = CE228ADF1EF2FE1E00097B19 /* UIFont.swift */; };
		CE3A9B901E607B28005D7E8F /* Array.swift in Sources */ = {isa = PBXBuildFile; fileRef = CE3A9B781E607B28005D7E8F /* Array.swift */; };
		CE3A9B911E607B28005D7E8F /* Date.swift in Sources */ = {isa = PBXBuildFile; fileRef = CE3A9B791E607B28005D7E8F /* Date.swift */; };
		CE3A9B921E607B28005D7E8F /* Dictionary.swift in Sources */ = {isa = PBXBuildFile; fileRef = CE3A9B7A1E607B28005D7E8F /* Dictionary.swift */; };
		CE3A9B931E607B28005D7E8F /* Bundle.swift in Sources */ = {isa = PBXBuildFile; fileRef = CE3A9B7B1E607B28005D7E8F /* Bundle.swift */; };
		CE3A9B941E607B28005D7E8F /* Timer.swift in Sources */ = {isa = PBXBuildFile; fileRef = CE3A9B7C1E607B28005D7E8F /* Timer.swift */; };
		CE3A9B951E607B28005D7E8F /* URL.swift in Sources */ = {isa = PBXBuildFile; fileRef = CE3A9B7D1E607B28005D7E8F /* URL.swift */; };
		CE3A9B961E607B28005D7E8F /* RawRepresentable.swift in Sources */ = {isa = PBXBuildFile; fileRef = CE3A9B7E1E607B28005D7E8F /* RawRepresentable.swift */; };
		CE3A9B971E607B28005D7E8F /* String.swift in Sources */ = {isa = PBXBuildFile; fileRef = CE3A9B7F1E607B28005D7E8F /* String.swift */; };
		CE3A9B9A1E607B28005D7E8F /* UIAlertController.swift in Sources */ = {isa = PBXBuildFile; fileRef = CE3A9B841E607B28005D7E8F /* UIAlertController.swift */; };
		CE3A9B9B1E607B28005D7E8F /* UIButton.swift in Sources */ = {isa = PBXBuildFile; fileRef = CE3A9B851E607B28005D7E8F /* UIButton.swift */; };
		CE3A9B9C1E607B28005D7E8F /* UIColor.swift in Sources */ = {isa = PBXBuildFile; fileRef = CE3A9B861E607B28005D7E8F /* UIColor.swift */; };
		CE3A9B9D1E607B28005D7E8F /* UITableView.swift in Sources */ = {isa = PBXBuildFile; fileRef = CE3A9B871E607B28005D7E8F /* UITableView.swift */; };
		CE3A9B9E1E607B28005D7E8F /* UITextField.swift in Sources */ = {isa = PBXBuildFile; fileRef = CE3A9B881E607B28005D7E8F /* UITextField.swift */; };
		CE3A9B9F1E607B28005D7E8F /* Collapsable.swift in Sources */ = {isa = PBXBuildFile; fileRef = CE3A9B8A1E607B28005D7E8F /* Collapsable.swift */; };
		CE3A9BA11E607B28005D7E8F /* Borders.swift in Sources */ = {isa = PBXBuildFile; fileRef = CE3A9B8C1E607B28005D7E8F /* Borders.swift */; };
		CE3A9BA21E607B28005D7E8F /* UIViewController.swift in Sources */ = {isa = PBXBuildFile; fileRef = CE3A9B8D1E607B28005D7E8F /* UIViewController.swift */; };
		CE4F2CB82135ED9F007BB465 /* AddInto.swift in Sources */ = {isa = PBXBuildFile; fileRef = CE4F2CB72135ED9F007BB465 /* AddInto.swift */; };
		CE4F2CBA2135EFF4007BB465 /* SafeLayout.swift in Sources */ = {isa = PBXBuildFile; fileRef = CE4F2CB92135EFF4007BB465 /* SafeLayout.swift */; };
		CE6E9A1C20C59FB60068CC7A /* CustomFontProvider.swift in Sources */ = {isa = PBXBuildFile; fileRef = CE6E9A1B20C59FB60068CC7A /* CustomFontProvider.swift */; };
		CE6E9A1E20C5A1CE0068CC7A /* UIFontSpec.swift in Sources */ = {isa = PBXBuildFile; fileRef = CE6E9A1D20C5A1CE0068CC7A /* UIFontSpec.swift */; };
		CE74869E2047073D00636D98 /* WolmoCore.framework in Copy Frameworks */ = {isa = PBXBuildFile; fileRef = 9D896AB81CDE3EC5008B0E5F /* WolmoCore.framework */; settings = {ATTRIBUTES = (CodeSignOnCopy, RemoveHeadersOnCopy, ); }; };
		CE7486A4204708AC00636D98 /* UIKit.framework in Frameworks */ = {isa = PBXBuildFile; fileRef = B959481B1D3EA051003A082F /* UIKit.framework */; };
		CE7486A5204708B300636D98 /* AVFoundation.framework in Frameworks */ = {isa = PBXBuildFile; fileRef = B95948191D3EA039003A082F /* AVFoundation.framework */; };
		CE7486A6204708B300636D98 /* Foundation.framework in Frameworks */ = {isa = PBXBuildFile; fileRef = B959481D1D3EA060003A082F /* Foundation.framework */; };
		CE80E0F11E82D1F9005C300E /* PathAppendable.swift in Sources */ = {isa = PBXBuildFile; fileRef = CE80E0F01E82D1F9005C300E /* PathAppendable.swift */; };
		CE983D471F913350004E8712 /* Localizable.strings in Resources */ = {isa = PBXBuildFile; fileRef = CE983D461F913350004E8712 /* Localizable.strings */; };
		CEB8ED261FE968410037ED3D /* AppDelegate.swift in Sources */ = {isa = PBXBuildFile; fileRef = CEB8ED251FE968410037ED3D /* AppDelegate.swift */; };
		CEB8ED281FE968410037ED3D /* ViewController.swift in Sources */ = {isa = PBXBuildFile; fileRef = CEB8ED271FE968410037ED3D /* ViewController.swift */; };
		CEB8ED2D1FE968410037ED3D /* Assets.xcassets in Resources */ = {isa = PBXBuildFile; fileRef = CEB8ED2C1FE968410037ED3D /* Assets.xcassets */; };
		CEB8ED301FE968410037ED3D /* LaunchScreen.storyboard in Resources */ = {isa = PBXBuildFile; fileRef = CEB8ED2E1FE968410037ED3D /* LaunchScreen.storyboard */; };
		CEB8ED521FE9688E0037ED3D /* View.xib in Resources */ = {isa = PBXBuildFile; fileRef = CEB8ED511FE9688E0037ED3D /* View.xib */; };
		CEB8ED541FE968A30037ED3D /* ChildController.swift in Sources */ = {isa = PBXBuildFile; fileRef = CEB8ED531FE968A30037ED3D /* ChildController.swift */; };
		CEB8ED561FE968B40037ED3D /* ChildView.xib in Resources */ = {isa = PBXBuildFile; fileRef = CEB8ED551FE968B40037ED3D /* ChildView.xib */; };
		CEB8ED581FE96ABC0037ED3D /* View.swift in Sources */ = {isa = PBXBuildFile; fileRef = CEB8ED571FE96ABC0037ED3D /* View.swift */; };
		CEB8ED5A1FE96ACA0037ED3D /* ChildView.swift in Sources */ = {isa = PBXBuildFile; fileRef = CEB8ED591FE96ACA0037ED3D /* ChildView.swift */; };
		CEB8ED5D1FE96B580037ED3D /* WolmoCore.framework in Frameworks */ = {isa = PBXBuildFile; fileRef = 9D896AB81CDE3EC5008B0E5F /* WolmoCore.framework */; };
		CED934851E8456480017CF96 /* UICollectionView.swift in Sources */ = {isa = PBXBuildFile; fileRef = CED934841E8456480017CF96 /* UICollectionView.swift */; };
		CEE9BFB41E8986D400D0E65D /* ArraySpec.swift in Sources */ = {isa = PBXBuildFile; fileRef = CEE9BFA51E8986D400D0E65D /* ArraySpec.swift */; };
		CEE9BFB51E8986D400D0E65D /* CollectionSpec.swift in Sources */ = {isa = PBXBuildFile; fileRef = CEE9BFA61E8986D400D0E65D /* CollectionSpec.swift */; };
		CEE9BFB61E8986D400D0E65D /* DateSpec.swift in Sources */ = {isa = PBXBuildFile; fileRef = CEE9BFA71E8986D400D0E65D /* DateSpec.swift */; };
		CEE9BFB71E8986D400D0E65D /* DictionarySpec.swift in Sources */ = {isa = PBXBuildFile; fileRef = CEE9BFA81E8986D400D0E65D /* DictionarySpec.swift */; };
		CEE9BFB81E8986D400D0E65D /* RawRepresentableSpec.swift in Sources */ = {isa = PBXBuildFile; fileRef = CEE9BFA91E8986D400D0E65D /* RawRepresentableSpec.swift */; };
		CEE9BFB91E8986D400D0E65D /* StringSpec.swift in Sources */ = {isa = PBXBuildFile; fileRef = CEE9BFAA1E8986D400D0E65D /* StringSpec.swift */; };
		CEE9BFBA1E8986D400D0E65D /* TimerSpec.swift in Sources */ = {isa = PBXBuildFile; fileRef = CEE9BFAB1E8986D400D0E65D /* TimerSpec.swift */; };
		CEE9BFBB1E8986D400D0E65D /* URLSpec.swift in Sources */ = {isa = PBXBuildFile; fileRef = CEE9BFAC1E8986D400D0E65D /* URLSpec.swift */; };
		CEE9BFBE1E8986D400D0E65D /* UIAlertControllerSpec.swift in Sources */ = {isa = PBXBuildFile; fileRef = CEE9BFB11E8986D400D0E65D /* UIAlertControllerSpec.swift */; };
		CEE9BFBF1E8986D400D0E65D /* UIColorSpec.swift in Sources */ = {isa = PBXBuildFile; fileRef = CEE9BFB21E8986D400D0E65D /* UIColorSpec.swift */; };
		CEE9BFC01E8986D400D0E65D /* UITextFieldSpec.swift in Sources */ = {isa = PBXBuildFile; fileRef = CEE9BFB31E8986D400D0E65D /* UITextFieldSpec.swift */; };
		CEE9BFC81E8986DC00D0E65D /* ConfirmationAlertViewModelSpec.swift in Sources */ = {isa = PBXBuildFile; fileRef = CEE9BFC31E8986DC00D0E65D /* ConfirmationAlertViewModelSpec.swift */; };
		CEE9BFC91E8986DC00D0E65D /* ErrorAlertViewModelSpec.swift in Sources */ = {isa = PBXBuildFile; fileRef = CEE9BFC41E8986DC00D0E65D /* ErrorAlertViewModelSpec.swift */; };
		CEE9BFCA1E8986DC00D0E65D /* AssociatedObjectSpec.swift in Sources */ = {isa = PBXBuildFile; fileRef = CEE9BFC51E8986DC00D0E65D /* AssociatedObjectSpec.swift */; };
		CEE9BFCB1E8986DC00D0E65D /* IdentifiableSpec.swift in Sources */ = {isa = PBXBuildFile; fileRef = CEE9BFC61E8986DC00D0E65D /* IdentifiableSpec.swift */; };
		CEE9BFCC1E8986DC00D0E65D /* PathAppendableSpec.swift in Sources */ = {isa = PBXBuildFile; fileRef = CEE9BFC71E8986DC00D0E65D /* PathAppendableSpec.swift */; };
		CEE9BFCE1E8986F700D0E65D /* Collection.swift in Sources */ = {isa = PBXBuildFile; fileRef = CEE9BFCD1E8986F700D0E65D /* Collection.swift */; };
		CEEC517E1EE5ECD300BC41FE /* UILabel.swift in Sources */ = {isa = PBXBuildFile; fileRef = CEEC517D1EE5ECD300BC41FE /* UILabel.swift */; };
		CEEC51801EE5EE3400BC41FE /* UILabelSpec.swift in Sources */ = {isa = PBXBuildFile; fileRef = CEEC517F1EE5EE3400BC41FE /* UILabelSpec.swift */; };
		CEECA02D209A704B001A7E37 /* Assets.xcassets in Resources */ = {isa = PBXBuildFile; fileRef = CE1DE006209A66A9007471A0 /* Assets.xcassets */; };
		CEECA02F209A7053001A7E37 /* Main.storyboard in Resources */ = {isa = PBXBuildFile; fileRef = CE1DE009209A66A9007471A0 /* Main.storyboard */; };
		CEECA031209A7059001A7E37 /* AppDelegate.swift in Sources */ = {isa = PBXBuildFile; fileRef = CE1DE00B209A66A9007471A0 /* AppDelegate.swift */; };
/* End PBXBuildFile section */

/* Begin PBXContainerItemProxy section */
		CE1DDFE4209A653F007471A0 /* PBXContainerItemProxy */ = {
			isa = PBXContainerItemProxy;
			containerPortal = 9D896AAF1CDE3EC5008B0E5F /* Project object */;
			proxyType = 1;
			remoteGlobalIDString = 9D896AB71CDE3EC5008B0E5F;
			remoteInfo = WolmoCore;
		};
		CE7486992047067700636D98 /* PBXContainerItemProxy */ = {
			isa = PBXContainerItemProxy;
			containerPortal = 9D896AAF1CDE3EC5008B0E5F /* Project object */;
			proxyType = 1;
			remoteGlobalIDString = 9D896AB71CDE3EC5008B0E5F;
			remoteInfo = WolmoCore;
		};
		CE74869B2047067D00636D98 /* PBXContainerItemProxy */ = {
			isa = PBXContainerItemProxy;
			containerPortal = 9D896AAF1CDE3EC5008B0E5F /* Project object */;
			proxyType = 1;
			remoteGlobalIDString = 9D896AB71CDE3EC5008B0E5F;
			remoteInfo = WolmoCore;
		};
/* End PBXContainerItemProxy section */

/* Begin PBXCopyFilesBuildPhase section */
		9D896AED1CDE64F6008B0E5F /* CopyFiles */ = {
			isa = PBXCopyFilesBuildPhase;
			buildActionMask = 2147483647;
			dstPath = "";
			dstSubfolderSpec = 10;
			files = (
				9D896AEE1CDE64FF008B0E5F /* Nimble.framework in CopyFiles */,
				9D896AEF1CDE64FF008B0E5F /* Quick.framework in CopyFiles */,
			);
			runOnlyForDeploymentPostprocessing = 0;
		};
		CE1DDFF9209A653F007471A0 /* Copy Frameworks */ = {
			isa = PBXCopyFilesBuildPhase;
			buildActionMask = 12;
			dstPath = "";
			dstSubfolderSpec = 10;
			files = (
				CE1DDFFE209A653F007471A0 /* WolmoCore.framework in Copy Frameworks */,
			);
			name = "Copy Frameworks";
			runOnlyForDeploymentPostprocessing = 0;
		};
		CE74869D2047072100636D98 /* Copy Frameworks */ = {
			isa = PBXCopyFilesBuildPhase;
			buildActionMask = 12;
			dstPath = "";
			dstSubfolderSpec = 10;
			files = (
				CE74869E2047073D00636D98 /* WolmoCore.framework in Copy Frameworks */,
			);
			name = "Copy Frameworks";
			runOnlyForDeploymentPostprocessing = 0;
		};
/* End PBXCopyFilesBuildPhase section */

/* Begin PBXFileReference section */
		0C02AB4E21682BD2007DB327 /* StringToImageController.swift */ = {isa = PBXFileReference; lastKnownFileType = sourcecode.swift; path = StringToImageController.swift; sourceTree = "<group>"; };
		0C02AB4F21682BD2007DB327 /* StringToImageView.swift */ = {isa = PBXFileReference; lastKnownFileType = sourcecode.swift; path = StringToImageView.swift; sourceTree = "<group>"; };
		0C02AB5121682BD2007DB327 /* StringToImageView.xib */ = {isa = PBXFileReference; lastKnownFileType = file.xib; path = StringToImageView.xib; sourceTree = "<group>"; };
		0CB88321216455D90073459D /* UIImageView.swift */ = {isa = PBXFileReference; lastKnownFileType = sourcecode.swift; path = UIImageView.swift; sourceTree = "<group>"; };
		0CB8BAB3216F82FF00C8D6C1 /* Comparable.swift */ = {isa = PBXFileReference; lastKnownFileType = sourcecode.swift; path = Comparable.swift; sourceTree = "<group>"; };
		0CB8BAB5216F835E00C8D6C1 /* ComparableSpec.swift */ = {isa = PBXFileReference; lastKnownFileType = sourcecode.swift; path = ComparableSpec.swift; sourceTree = "<group>"; };
		653DCB8221DE7B5200C1C332 /* LongPressRecognizer.swift */ = {isa = PBXFileReference; fileEncoding = 4; lastKnownFileType = sourcecode.swift; path = LongPressRecognizer.swift; sourceTree = "<group>"; };
		653DCB8321DE7B5200C1C332 /* PanRecognizer.swift */ = {isa = PBXFileReference; fileEncoding = 4; lastKnownFileType = sourcecode.swift; path = PanRecognizer.swift; sourceTree = "<group>"; };
		653DCB8421DE7B5200C1C332 /* RotationRecognizer.swift */ = {isa = PBXFileReference; fileEncoding = 4; lastKnownFileType = sourcecode.swift; path = RotationRecognizer.swift; sourceTree = "<group>"; };
		653DCB8521DE7B5200C1C332 /* PinchRecognizer.swift */ = {isa = PBXFileReference; fileEncoding = 4; lastKnownFileType = sourcecode.swift; path = PinchRecognizer.swift; sourceTree = "<group>"; };
		653DCB8621DE7B5200C1C332 /* ScreenEdgePanRecognizer.swift */ = {isa = PBXFileReference; fileEncoding = 4; lastKnownFileType = sourcecode.swift; path = ScreenEdgePanRecognizer.swift; sourceTree = "<group>"; };
		653DCB8721DE7B5200C1C332 /* SwipeRecognizer.swift */ = {isa = PBXFileReference; fileEncoding = 4; lastKnownFileType = sourcecode.swift; path = SwipeRecognizer.swift; sourceTree = "<group>"; };
		653DCB8821DE7B5200C1C332 /* TapRecognizer.swift */ = {isa = PBXFileReference; fileEncoding = 4; lastKnownFileType = sourcecode.swift; path = TapRecognizer.swift; sourceTree = "<group>"; };
		653DCB9021DE7B5F00C1C332 /* RotationRecognizerSpec.swift */ = {isa = PBXFileReference; fileEncoding = 4; lastKnownFileType = sourcecode.swift; path = RotationRecognizerSpec.swift; sourceTree = "<group>"; };
		653DCB9121DE7B5F00C1C332 /* LongPressRecognizerSpec.swift */ = {isa = PBXFileReference; fileEncoding = 4; lastKnownFileType = sourcecode.swift; path = LongPressRecognizerSpec.swift; sourceTree = "<group>"; };
		653DCB9221DE7B5F00C1C332 /* ScreenEdgePanRecognizerSpec.swift */ = {isa = PBXFileReference; fileEncoding = 4; lastKnownFileType = sourcecode.swift; path = ScreenEdgePanRecognizerSpec.swift; sourceTree = "<group>"; };
		653DCB9321DE7B5F00C1C332 /* TapRecognizerSpec.swift */ = {isa = PBXFileReference; fileEncoding = 4; lastKnownFileType = sourcecode.swift; path = TapRecognizerSpec.swift; sourceTree = "<group>"; };
		653DCB9421DE7B5F00C1C332 /* SwipeRecognizerSpec.swift */ = {isa = PBXFileReference; fileEncoding = 4; lastKnownFileType = sourcecode.swift; path = SwipeRecognizerSpec.swift; sourceTree = "<group>"; };
		653DCB9521DE7B5F00C1C332 /* PinchRecognizerSpec.swift */ = {isa = PBXFileReference; fileEncoding = 4; lastKnownFileType = sourcecode.swift; path = PinchRecognizerSpec.swift; sourceTree = "<group>"; };
		653DCB9621DE7B5F00C1C332 /* PanRecognizerSpec.swift */ = {isa = PBXFileReference; fileEncoding = 4; lastKnownFileType = sourcecode.swift; path = PanRecognizerSpec.swift; sourceTree = "<group>"; };
		9D896AB81CDE3EC5008B0E5F /* WolmoCore.framework */ = {isa = PBXFileReference; explicitFileType = wrapper.framework; includeInIndex = 0; path = WolmoCore.framework; sourceTree = BUILT_PRODUCTS_DIR; };
		9D896ABB1CDE3EC5008B0E5F /* WolmoCore.h */ = {isa = PBXFileReference; lastKnownFileType = sourcecode.c.h; path = WolmoCore.h; sourceTree = "<group>"; };
		9D896ABD1CDE3EC5008B0E5F /* Info.plist */ = {isa = PBXFileReference; lastKnownFileType = text.plist.xml; path = Info.plist; sourceTree = "<group>"; };
		9D896AC21CDE3EC5008B0E5F /* WolmoCoreTests.xctest */ = {isa = PBXFileReference; explicitFileType = wrapper.cfbundle; includeInIndex = 0; path = WolmoCoreTests.xctest; sourceTree = BUILT_PRODUCTS_DIR; };
		9D896AC91CDE3EC5008B0E5F /* Info.plist */ = {isa = PBXFileReference; lastKnownFileType = text.plist.xml; path = Info.plist; sourceTree = "<group>"; };
		9D896AE91CDE642F008B0E5F /* Nimble.framework */ = {isa = PBXFileReference; lastKnownFileType = wrapper.framework; name = Nimble.framework; path = Carthage/Build/iOS/Nimble.framework; sourceTree = "<group>"; };
		9D896AEA1CDE642F008B0E5F /* Quick.framework */ = {isa = PBXFileReference; lastKnownFileType = wrapper.framework; name = Quick.framework; path = Carthage/Build/iOS/Quick.framework; sourceTree = "<group>"; };
		AECEB3A3227CD8280070C01F /* CardsViewController.swift */ = {isa = PBXFileReference; lastKnownFileType = sourcecode.swift; path = CardsViewController.swift; sourceTree = "<group>"; };
		AECEB4AF2281F79C0070C01F /* AnimationsViewController.swift */ = {isa = PBXFileReference; lastKnownFileType = sourcecode.swift; path = AnimationsViewController.swift; sourceTree = "<group>"; };
		AECEB4B1228221110070C01F /* SimpleExample.swift */ = {isa = PBXFileReference; lastKnownFileType = sourcecode.swift; path = SimpleExample.swift; sourceTree = "<group>"; };
		B82058CC1EEF33950002D7D4 /* UIImageSpec.swift */ = {isa = PBXFileReference; fileEncoding = 4; lastKnownFileType = sourcecode.swift; path = UIImageSpec.swift; sourceTree = "<group>"; };
		B82058CE1EEF39230002D7D4 /* Assets.xcassets */ = {isa = PBXFileReference; lastKnownFileType = folder.assetcatalog; name = Assets.xcassets; path = WolmoCoreTests/Assets.xcassets; sourceTree = SOURCE_ROOT; };
		B8CF9A8B1EE9EF6E0063F951 /* UIImage.swift */ = {isa = PBXFileReference; fileEncoding = 4; lastKnownFileType = sourcecode.swift; path = UIImage.swift; sourceTree = "<group>"; };
		B95948191D3EA039003A082F /* AVFoundation.framework */ = {isa = PBXFileReference; lastKnownFileType = wrapper.framework; name = AVFoundation.framework; path = System/Library/Frameworks/AVFoundation.framework; sourceTree = SDKROOT; };
		B959481B1D3EA051003A082F /* UIKit.framework */ = {isa = PBXFileReference; lastKnownFileType = wrapper.framework; name = UIKit.framework; path = System/Library/Frameworks/UIKit.framework; sourceTree = SDKROOT; };
		B959481D1D3EA060003A082F /* Foundation.framework */ = {isa = PBXFileReference; lastKnownFileType = wrapper.framework; name = Foundation.framework; path = System/Library/Frameworks/Foundation.framework; sourceTree = SDKROOT; };
		B988B9721D244BAE00824685 /* AssociatedObject.swift */ = {isa = PBXFileReference; fileEncoding = 4; lastKnownFileType = sourcecode.swift; path = AssociatedObject.swift; sourceTree = "<group>"; };
		B988B9771D244D6300824685 /* AlertViewPresenter.swift */ = {isa = PBXFileReference; fileEncoding = 4; lastKnownFileType = sourcecode.swift; path = AlertViewPresenter.swift; sourceTree = "<group>"; };
		B988B9781D244D6300824685 /* ConfirmationAlertViewModel.swift */ = {isa = PBXFileReference; fileEncoding = 4; lastKnownFileType = sourcecode.swift; path = ConfirmationAlertViewModel.swift; sourceTree = "<group>"; };
		B988B9791D244D6300824685 /* ErrorAlertViewModel.swift */ = {isa = PBXFileReference; fileEncoding = 4; lastKnownFileType = sourcecode.swift; path = ErrorAlertViewModel.swift; sourceTree = "<group>"; };
		B988B9801D24621000824685 /* DeviceType.swift */ = {isa = PBXFileReference; fileEncoding = 4; lastKnownFileType = sourcecode.swift; path = DeviceType.swift; sourceTree = "<group>"; };
		B9F63CC11D5CE7FA00D09C1D /* Identifiable.swift */ = {isa = PBXFileReference; fileEncoding = 4; lastKnownFileType = sourcecode.swift; path = Identifiable.swift; sourceTree = "<group>"; };
		CE0DA7D01FD847D600D0B1E3 /* Gradient.swift */ = {isa = PBXFileReference; fileEncoding = 4; lastKnownFileType = sourcecode.swift; path = Gradient.swift; sourceTree = "<group>"; };
		CE1186881EA79EFF00105D6F /* NibLoadable.swift */ = {isa = PBXFileReference; fileEncoding = 4; lastKnownFileType = sourcecode.swift; path = NibLoadable.swift; sourceTree = "<group>"; };
		CE11868A1EA7A0CD00105D6F /* UITableViewSpec.swift */ = {isa = PBXFileReference; fileEncoding = 4; lastKnownFileType = sourcecode.swift; path = UITableViewSpec.swift; sourceTree = "<group>"; };
		CE11868C1EA7A0E100105D6F /* UICollectionViewSpec.swift */ = {isa = PBXFileReference; fileEncoding = 4; lastKnownFileType = sourcecode.swift; path = UICollectionViewSpec.swift; sourceTree = "<group>"; };
		CE1186911EA7A5FE00105D6F /* General.swift */ = {isa = PBXFileReference; fileEncoding = 4; lastKnownFileType = sourcecode.swift; path = General.swift; sourceTree = "<group>"; };
		CE1186931EA7A7C600105D6F /* GeneralSpec.swift */ = {isa = PBXFileReference; fileEncoding = 4; lastKnownFileType = sourcecode.swift; path = GeneralSpec.swift; sourceTree = "<group>"; };
		CE1186951EA7C70700105D6F /* NibLoadableCollectionView.xib */ = {isa = PBXFileReference; fileEncoding = 4; lastKnownFileType = file.xib; path = NibLoadableCollectionView.xib; sourceTree = "<group>"; };
		CE1186971EA7C7F800105D6F /* NibLoadableCollectionCell.xib */ = {isa = PBXFileReference; fileEncoding = 4; lastKnownFileType = file.xib; path = NibLoadableCollectionCell.xib; sourceTree = "<group>"; };
		CE1186991EA7C84D00105D6F /* NibLoadableTableCell.xib */ = {isa = PBXFileReference; fileEncoding = 4; lastKnownFileType = file.xib; path = NibLoadableTableCell.xib; sourceTree = "<group>"; };
		CE11869B1EA7C9C600105D6F /* NibLoadableTableViewCustom.xib */ = {isa = PBXFileReference; fileEncoding = 4; lastKnownFileType = file.xib; path = NibLoadableTableViewCustom.xib; sourceTree = "<group>"; };
		CE11869D1EA7C9DE00105D6F /* Resources.swift */ = {isa = PBXFileReference; fileEncoding = 4; lastKnownFileType = sourcecode.swift; path = Resources.swift; sourceTree = "<group>"; };
		CE11869F1EA7CA7900105D6F /* NibLoadableSpec.swift */ = {isa = PBXFileReference; fileEncoding = 4; lastKnownFileType = sourcecode.swift; path = NibLoadableSpec.swift; sourceTree = "<group>"; };
		CE1186A51EA7E2A200105D6F /* NibLoadableUICollectionView.xib */ = {isa = PBXFileReference; fileEncoding = 4; lastKnownFileType = file.xib; path = NibLoadableUICollectionView.xib; sourceTree = "<group>"; };
		CE1186A71EA7EF2E00105D6F /* NibLoadableUITableView.xib */ = {isa = PBXFileReference; fileEncoding = 4; lastKnownFileType = file.xib; path = NibLoadableUITableView.xib; sourceTree = "<group>"; };
		CE1186AB1EA7F67800105D6F /* BundleSpec.swift */ = {isa = PBXFileReference; fileEncoding = 4; lastKnownFileType = sourcecode.swift; path = BundleSpec.swift; sourceTree = "<group>"; };
		CE1DDFD8209A646B007471A0 /* ChainedAnimation.swift */ = {isa = PBXFileReference; fileEncoding = 4; lastKnownFileType = sourcecode.swift; path = ChainedAnimation.swift; sourceTree = "<group>"; };
		CE1DDFD9209A646B007471A0 /* SimpleAnimation.swift */ = {isa = PBXFileReference; fileEncoding = 4; lastKnownFileType = sourcecode.swift; path = SimpleAnimation.swift; sourceTree = "<group>"; };
		CE1DDFDA209A646B007471A0 /* Animation.swift */ = {isa = PBXFileReference; fileEncoding = 4; lastKnownFileType = sourcecode.swift; path = Animation.swift; sourceTree = "<group>"; };
		CE1DDFDB209A646B007471A0 /* UIViewExtension.swift */ = {isa = PBXFileReference; fileEncoding = 4; lastKnownFileType = sourcecode.swift; path = UIViewExtension.swift; sourceTree = "<group>"; };
		CE1DDFDC209A646B007471A0 /* MixedAnimation.swift */ = {isa = PBXFileReference; fileEncoding = 4; lastKnownFileType = sourcecode.swift; path = MixedAnimation.swift; sourceTree = "<group>"; };
		CE1DE002209A653F007471A0 /* AnimationDemo.app */ = {isa = PBXFileReference; explicitFileType = wrapper.application; includeInIndex = 0; path = AnimationDemo.app; sourceTree = BUILT_PRODUCTS_DIR; };
		CE1DE006209A66A9007471A0 /* Assets.xcassets */ = {isa = PBXFileReference; lastKnownFileType = folder.assetcatalog; path = Assets.xcassets; sourceTree = "<group>"; };
		CE1DE008209A66A9007471A0 /* Base */ = {isa = PBXFileReference; lastKnownFileType = file.storyboard; name = Base; path = Base.lproj/LaunchScreen.storyboard; sourceTree = "<group>"; };
		CE1DE00A209A66A9007471A0 /* Base */ = {isa = PBXFileReference; lastKnownFileType = file.storyboard; name = Base; path = Base.lproj/Main.storyboard; sourceTree = "<group>"; };
		CE1DE00B209A66A9007471A0 /* AppDelegate.swift */ = {isa = PBXFileReference; fileEncoding = 4; lastKnownFileType = sourcecode.swift; path = AppDelegate.swift; sourceTree = "<group>"; };
		CE1DE00C209A66A9007471A0 /* Info.plist */ = {isa = PBXFileReference; fileEncoding = 4; lastKnownFileType = text.plist.xml; path = Info.plist; sourceTree = "<group>"; };
		CE228ADF1EF2FE1E00097B19 /* UIFont.swift */ = {isa = PBXFileReference; fileEncoding = 4; lastKnownFileType = sourcecode.swift; path = UIFont.swift; sourceTree = "<group>"; };
		CE3A9B781E607B28005D7E8F /* Array.swift */ = {isa = PBXFileReference; fileEncoding = 4; lastKnownFileType = sourcecode.swift; path = Array.swift; sourceTree = "<group>"; };
		CE3A9B791E607B28005D7E8F /* Date.swift */ = {isa = PBXFileReference; fileEncoding = 4; lastKnownFileType = sourcecode.swift; path = Date.swift; sourceTree = "<group>"; };
		CE3A9B7A1E607B28005D7E8F /* Dictionary.swift */ = {isa = PBXFileReference; fileEncoding = 4; lastKnownFileType = sourcecode.swift; path = Dictionary.swift; sourceTree = "<group>"; };
		CE3A9B7B1E607B28005D7E8F /* Bundle.swift */ = {isa = PBXFileReference; fileEncoding = 4; lastKnownFileType = sourcecode.swift; path = Bundle.swift; sourceTree = "<group>"; };
		CE3A9B7C1E607B28005D7E8F /* Timer.swift */ = {isa = PBXFileReference; fileEncoding = 4; lastKnownFileType = sourcecode.swift; path = Timer.swift; sourceTree = "<group>"; };
		CE3A9B7D1E607B28005D7E8F /* URL.swift */ = {isa = PBXFileReference; fileEncoding = 4; lastKnownFileType = sourcecode.swift; path = URL.swift; sourceTree = "<group>"; };
		CE3A9B7E1E607B28005D7E8F /* RawRepresentable.swift */ = {isa = PBXFileReference; fileEncoding = 4; lastKnownFileType = sourcecode.swift; path = RawRepresentable.swift; sourceTree = "<group>"; };
		CE3A9B7F1E607B28005D7E8F /* String.swift */ = {isa = PBXFileReference; fileEncoding = 4; lastKnownFileType = sourcecode.swift; path = String.swift; sourceTree = "<group>"; };
		CE3A9B841E607B28005D7E8F /* UIAlertController.swift */ = {isa = PBXFileReference; fileEncoding = 4; lastKnownFileType = sourcecode.swift; path = UIAlertController.swift; sourceTree = "<group>"; };
		CE3A9B851E607B28005D7E8F /* UIButton.swift */ = {isa = PBXFileReference; fileEncoding = 4; lastKnownFileType = sourcecode.swift; path = UIButton.swift; sourceTree = "<group>"; };
		CE3A9B861E607B28005D7E8F /* UIColor.swift */ = {isa = PBXFileReference; fileEncoding = 4; lastKnownFileType = sourcecode.swift; path = UIColor.swift; sourceTree = "<group>"; };
		CE3A9B871E607B28005D7E8F /* UITableView.swift */ = {isa = PBXFileReference; fileEncoding = 4; lastKnownFileType = sourcecode.swift; path = UITableView.swift; sourceTree = "<group>"; };
		CE3A9B881E607B28005D7E8F /* UITextField.swift */ = {isa = PBXFileReference; fileEncoding = 4; lastKnownFileType = sourcecode.swift; path = UITextField.swift; sourceTree = "<group>"; };
		CE3A9B8A1E607B28005D7E8F /* Collapsable.swift */ = {isa = PBXFileReference; fileEncoding = 4; lastKnownFileType = sourcecode.swift; path = Collapsable.swift; sourceTree = "<group>"; };
		CE3A9B8C1E607B28005D7E8F /* Borders.swift */ = {isa = PBXFileReference; fileEncoding = 4; lastKnownFileType = sourcecode.swift; path = Borders.swift; sourceTree = "<group>"; };
		CE3A9B8D1E607B28005D7E8F /* UIViewController.swift */ = {isa = PBXFileReference; fileEncoding = 4; lastKnownFileType = sourcecode.swift; path = UIViewController.swift; sourceTree = "<group>"; };
		CE4F2CB72135ED9F007BB465 /* AddInto.swift */ = {isa = PBXFileReference; lastKnownFileType = sourcecode.swift; path = AddInto.swift; sourceTree = "<group>"; };
		CE4F2CB92135EFF4007BB465 /* SafeLayout.swift */ = {isa = PBXFileReference; lastKnownFileType = sourcecode.swift; path = SafeLayout.swift; sourceTree = "<group>"; };
		CE6E9A1B20C59FB60068CC7A /* CustomFontProvider.swift */ = {isa = PBXFileReference; lastKnownFileType = sourcecode.swift; path = CustomFontProvider.swift; sourceTree = "<group>"; };
		CE6E9A1D20C5A1CE0068CC7A /* UIFontSpec.swift */ = {isa = PBXFileReference; lastKnownFileType = sourcecode.swift; path = UIFontSpec.swift; sourceTree = "<group>"; };
		CE80E0F01E82D1F9005C300E /* PathAppendable.swift */ = {isa = PBXFileReference; fileEncoding = 4; lastKnownFileType = sourcecode.swift; path = PathAppendable.swift; sourceTree = "<group>"; };
		CE983D461F913350004E8712 /* Localizable.strings */ = {isa = PBXFileReference; fileEncoding = 4; lastKnownFileType = text.plist.strings; path = Localizable.strings; sourceTree = "<group>"; };
		CEB8ED231FE968410037ED3D /* WolmoCoreDemo.app */ = {isa = PBXFileReference; explicitFileType = wrapper.application; includeInIndex = 0; path = WolmoCoreDemo.app; sourceTree = BUILT_PRODUCTS_DIR; };
		CEB8ED251FE968410037ED3D /* AppDelegate.swift */ = {isa = PBXFileReference; lastKnownFileType = sourcecode.swift; path = AppDelegate.swift; sourceTree = "<group>"; };
		CEB8ED271FE968410037ED3D /* ViewController.swift */ = {isa = PBXFileReference; lastKnownFileType = sourcecode.swift; path = ViewController.swift; sourceTree = "<group>"; };
		CEB8ED2C1FE968410037ED3D /* Assets.xcassets */ = {isa = PBXFileReference; lastKnownFileType = folder.assetcatalog; path = Assets.xcassets; sourceTree = "<group>"; };
		CEB8ED2F1FE968410037ED3D /* Base */ = {isa = PBXFileReference; lastKnownFileType = file.storyboard; name = Base; path = Base.lproj/LaunchScreen.storyboard; sourceTree = "<group>"; };
		CEB8ED311FE968410037ED3D /* Info.plist */ = {isa = PBXFileReference; lastKnownFileType = text.plist.xml; path = Info.plist; sourceTree = "<group>"; };
		CEB8ED511FE9688E0037ED3D /* View.xib */ = {isa = PBXFileReference; lastKnownFileType = file.xib; path = View.xib; sourceTree = "<group>"; };
		CEB8ED531FE968A30037ED3D /* ChildController.swift */ = {isa = PBXFileReference; lastKnownFileType = sourcecode.swift; path = ChildController.swift; sourceTree = "<group>"; };
		CEB8ED551FE968B40037ED3D /* ChildView.xib */ = {isa = PBXFileReference; lastKnownFileType = file.xib; path = ChildView.xib; sourceTree = "<group>"; };
		CEB8ED571FE96ABC0037ED3D /* View.swift */ = {isa = PBXFileReference; lastKnownFileType = sourcecode.swift; path = View.swift; sourceTree = "<group>"; };
		CEB8ED591FE96ACA0037ED3D /* ChildView.swift */ = {isa = PBXFileReference; lastKnownFileType = sourcecode.swift; path = ChildView.swift; sourceTree = "<group>"; };
		CED934841E8456480017CF96 /* UICollectionView.swift */ = {isa = PBXFileReference; fileEncoding = 4; lastKnownFileType = sourcecode.swift; path = UICollectionView.swift; sourceTree = "<group>"; };
		CEE9BFA51E8986D400D0E65D /* ArraySpec.swift */ = {isa = PBXFileReference; fileEncoding = 4; lastKnownFileType = sourcecode.swift; path = ArraySpec.swift; sourceTree = "<group>"; };
		CEE9BFA61E8986D400D0E65D /* CollectionSpec.swift */ = {isa = PBXFileReference; fileEncoding = 4; lastKnownFileType = sourcecode.swift; path = CollectionSpec.swift; sourceTree = "<group>"; };
		CEE9BFA71E8986D400D0E65D /* DateSpec.swift */ = {isa = PBXFileReference; fileEncoding = 4; lastKnownFileType = sourcecode.swift; path = DateSpec.swift; sourceTree = "<group>"; };
		CEE9BFA81E8986D400D0E65D /* DictionarySpec.swift */ = {isa = PBXFileReference; fileEncoding = 4; lastKnownFileType = sourcecode.swift; path = DictionarySpec.swift; sourceTree = "<group>"; };
		CEE9BFA91E8986D400D0E65D /* RawRepresentableSpec.swift */ = {isa = PBXFileReference; fileEncoding = 4; lastKnownFileType = sourcecode.swift; path = RawRepresentableSpec.swift; sourceTree = "<group>"; };
		CEE9BFAA1E8986D400D0E65D /* StringSpec.swift */ = {isa = PBXFileReference; fileEncoding = 4; lastKnownFileType = sourcecode.swift; path = StringSpec.swift; sourceTree = "<group>"; };
		CEE9BFAB1E8986D400D0E65D /* TimerSpec.swift */ = {isa = PBXFileReference; fileEncoding = 4; lastKnownFileType = sourcecode.swift; path = TimerSpec.swift; sourceTree = "<group>"; };
		CEE9BFAC1E8986D400D0E65D /* URLSpec.swift */ = {isa = PBXFileReference; fileEncoding = 4; lastKnownFileType = sourcecode.swift; path = URLSpec.swift; sourceTree = "<group>"; };
		CEE9BFB11E8986D400D0E65D /* UIAlertControllerSpec.swift */ = {isa = PBXFileReference; fileEncoding = 4; lastKnownFileType = sourcecode.swift; path = UIAlertControllerSpec.swift; sourceTree = "<group>"; };
		CEE9BFB21E8986D400D0E65D /* UIColorSpec.swift */ = {isa = PBXFileReference; fileEncoding = 4; lastKnownFileType = sourcecode.swift; path = UIColorSpec.swift; sourceTree = "<group>"; };
		CEE9BFB31E8986D400D0E65D /* UITextFieldSpec.swift */ = {isa = PBXFileReference; fileEncoding = 4; lastKnownFileType = sourcecode.swift; path = UITextFieldSpec.swift; sourceTree = "<group>"; };
		CEE9BFC31E8986DC00D0E65D /* ConfirmationAlertViewModelSpec.swift */ = {isa = PBXFileReference; fileEncoding = 4; lastKnownFileType = sourcecode.swift; path = ConfirmationAlertViewModelSpec.swift; sourceTree = "<group>"; };
		CEE9BFC41E8986DC00D0E65D /* ErrorAlertViewModelSpec.swift */ = {isa = PBXFileReference; fileEncoding = 4; lastKnownFileType = sourcecode.swift; path = ErrorAlertViewModelSpec.swift; sourceTree = "<group>"; };
		CEE9BFC51E8986DC00D0E65D /* AssociatedObjectSpec.swift */ = {isa = PBXFileReference; fileEncoding = 4; lastKnownFileType = sourcecode.swift; path = AssociatedObjectSpec.swift; sourceTree = "<group>"; };
		CEE9BFC61E8986DC00D0E65D /* IdentifiableSpec.swift */ = {isa = PBXFileReference; fileEncoding = 4; lastKnownFileType = sourcecode.swift; path = IdentifiableSpec.swift; sourceTree = "<group>"; };
		CEE9BFC71E8986DC00D0E65D /* PathAppendableSpec.swift */ = {isa = PBXFileReference; fileEncoding = 4; lastKnownFileType = sourcecode.swift; path = PathAppendableSpec.swift; sourceTree = "<group>"; };
		CEE9BFCD1E8986F700D0E65D /* Collection.swift */ = {isa = PBXFileReference; fileEncoding = 4; lastKnownFileType = sourcecode.swift; path = Collection.swift; sourceTree = "<group>"; };
		CEEC517D1EE5ECD300BC41FE /* UILabel.swift */ = {isa = PBXFileReference; fileEncoding = 4; lastKnownFileType = sourcecode.swift; path = UILabel.swift; sourceTree = "<group>"; };
		CEEC517F1EE5EE3400BC41FE /* UILabelSpec.swift */ = {isa = PBXFileReference; fileEncoding = 4; lastKnownFileType = sourcecode.swift; path = UILabelSpec.swift; sourceTree = "<group>"; };
/* End PBXFileReference section */

/* Begin PBXFrameworksBuildPhase section */
		9D896AB41CDE3EC5008B0E5F /* Frameworks */ = {
			isa = PBXFrameworksBuildPhase;
			buildActionMask = 2147483647;
			files = (
				B959481E1D3EA060003A082F /* Foundation.framework in Frameworks */,
				B959481C1D3EA051003A082F /* UIKit.framework in Frameworks */,
				B959481A1D3EA039003A082F /* AVFoundation.framework in Frameworks */,
			);
			runOnlyForDeploymentPostprocessing = 0;
		};
		9D896ABF1CDE3EC5008B0E5F /* Frameworks */ = {
			isa = PBXFrameworksBuildPhase;
			buildActionMask = 2147483647;
			files = (
				9D896AEB1CDE642F008B0E5F /* Nimble.framework in Frameworks */,
				9D896AEC1CDE642F008B0E5F /* Quick.framework in Frameworks */,
				9D896AC31CDE3EC5008B0E5F /* WolmoCore.framework in Frameworks */,
			);
			runOnlyForDeploymentPostprocessing = 0;
		};
		CE1DDFEB209A653F007471A0 /* Frameworks */ = {
			isa = PBXFrameworksBuildPhase;
			buildActionMask = 2147483647;
			files = (
				CE1DDFEC209A653F007471A0 /* AVFoundation.framework in Frameworks */,
				CE1DDFED209A653F007471A0 /* Foundation.framework in Frameworks */,
				CE1DDFEE209A653F007471A0 /* UIKit.framework in Frameworks */,
				CE1DDFF3209A653F007471A0 /* WolmoCore.framework in Frameworks */,
			);
			runOnlyForDeploymentPostprocessing = 0;
		};
		CEB8ED201FE968410037ED3D /* Frameworks */ = {
			isa = PBXFrameworksBuildPhase;
			buildActionMask = 2147483647;
			files = (
				CE7486A5204708B300636D98 /* AVFoundation.framework in Frameworks */,
				CE7486A6204708B300636D98 /* Foundation.framework in Frameworks */,
				CE7486A4204708AC00636D98 /* UIKit.framework in Frameworks */,
				CEB8ED5D1FE96B580037ED3D /* WolmoCore.framework in Frameworks */,
			);
			runOnlyForDeploymentPostprocessing = 0;
		};
/* End PBXFrameworksBuildPhase section */

/* Begin PBXGroup section */
		0C02AB4D21682B8A007DB327 /* StringToImage */ = {
			isa = PBXGroup;
			children = (
				0C02AB4E21682BD2007DB327 /* StringToImageController.swift */,
				0C02AB4F21682BD2007DB327 /* StringToImageView.swift */,
				0C02AB5121682BD2007DB327 /* StringToImageView.xib */,
			);
			path = StringToImage;
			sourceTree = "<group>";
		};
		46DB73722061412400D70FDD /* Animations */ = {
			isa = PBXGroup;
			children = (
				CE1DDFDA209A646B007471A0 /* Animation.swift */,
				CE1DDFD8209A646B007471A0 /* ChainedAnimation.swift */,
				CE1DDFDC209A646B007471A0 /* MixedAnimation.swift */,
				CE1DDFD9209A646B007471A0 /* SimpleAnimation.swift */,
				CE1DDFDB209A646B007471A0 /* UIViewExtension.swift */,
			);
			path = Animations;
			sourceTree = "<group>";
		};
		653DCB8021DE7AFD00C1C332 /* GestureRecognizers */ = {
			isa = PBXGroup;
			children = (
				653DCB8221DE7B5200C1C332 /* LongPressRecognizer.swift */,
				653DCB8321DE7B5200C1C332 /* PanRecognizer.swift */,
				653DCB8521DE7B5200C1C332 /* PinchRecognizer.swift */,
				653DCB8421DE7B5200C1C332 /* RotationRecognizer.swift */,
				653DCB8621DE7B5200C1C332 /* ScreenEdgePanRecognizer.swift */,
				653DCB8721DE7B5200C1C332 /* SwipeRecognizer.swift */,
				653DCB8821DE7B5200C1C332 /* TapRecognizer.swift */,
			);
			path = GestureRecognizers;
			sourceTree = "<group>";
		};
		653DCB8121DE7B0A00C1C332 /* GesturesRecognizers */ = {
			isa = PBXGroup;
			children = (
				653DCB9121DE7B5F00C1C332 /* LongPressRecognizerSpec.swift */,
				653DCB9621DE7B5F00C1C332 /* PanRecognizerSpec.swift */,
				653DCB9521DE7B5F00C1C332 /* PinchRecognizerSpec.swift */,
				653DCB9021DE7B5F00C1C332 /* RotationRecognizerSpec.swift */,
				653DCB9221DE7B5F00C1C332 /* ScreenEdgePanRecognizerSpec.swift */,
				653DCB9421DE7B5F00C1C332 /* SwipeRecognizerSpec.swift */,
				653DCB9321DE7B5F00C1C332 /* TapRecognizerSpec.swift */,
			);
			path = GesturesRecognizers;
			sourceTree = "<group>";
		};
		65E1179E21DD11A1000F7493 /* UIView */ = {
			isa = PBXGroup;
			children = (
				653DCB8121DE7B0A00C1C332 /* GesturesRecognizers */,
			);
			path = UIView;
			sourceTree = "<group>";
		};
		9D896AAE1CDE3EC5008B0E5F = {
			isa = PBXGroup;
			children = (
				9D896ABA1CDE3EC5008B0E5F /* WolmoCore */,
				9D896AC61CDE3EC5008B0E5F /* WolmoCoreTests */,
				CEB8ED241FE968410037ED3D /* WolmoCoreDemo */,
				CE1DE004209A66A9007471A0 /* AnimationDemo */,
				9D896AB91CDE3EC5008B0E5F /* Products */,
				9D896AF01CDE6504008B0E5F /* Frameworks */,
			);
			sourceTree = "<group>";
		};
		9D896AB91CDE3EC5008B0E5F /* Products */ = {
			isa = PBXGroup;
			children = (
				9D896AB81CDE3EC5008B0E5F /* WolmoCore.framework */,
				9D896AC21CDE3EC5008B0E5F /* WolmoCoreTests.xctest */,
				CEB8ED231FE968410037ED3D /* WolmoCoreDemo.app */,
				CE1DE002209A653F007471A0 /* AnimationDemo.app */,
			);
			name = Products;
			sourceTree = "<group>";
		};
		9D896ABA1CDE3EC5008B0E5F /* WolmoCore */ = {
			isa = PBXGroup;
			children = (
				B988B96D1D24481400824685 /* Utilities */,
				9D896AD61CDE5EF0008B0E5F /* Extensions */,
				9D896ABB1CDE3EC5008B0E5F /* WolmoCore.h */,
				9D896ABD1CDE3EC5008B0E5F /* Info.plist */,
			);
			path = WolmoCore;
			sourceTree = "<group>";
		};
		9D896AC61CDE3EC5008B0E5F /* WolmoCoreTests */ = {
			isa = PBXGroup;
			children = (
				CE1186901EA7A1CA00105D6F /* Resources */,
				CEE9BFC11E8986DC00D0E65D /* Utilities */,
				CEE9BFA31E8986D400D0E65D /* Extensions */,
				B82058CE1EEF39230002D7D4 /* Assets.xcassets */,
				9D896AC91CDE3EC5008B0E5F /* Info.plist */,
				CE983D461F913350004E8712 /* Localizable.strings */,
			);
			path = WolmoCoreTests;
			sourceTree = "<group>";
		};
		9D896AD61CDE5EF0008B0E5F /* Extensions */ = {
			isa = PBXGroup;
			children = (
				46DB73722061412400D70FDD /* Animations */,
				CE3A9B831E607B28005D7E8F /* UIKit */,
				CE3A9B771E607B28005D7E8F /* Foundation */,
			);
			path = Extensions;
			sourceTree = "<group>";
		};
		9D896AF01CDE6504008B0E5F /* Frameworks */ = {
			isa = PBXGroup;
			children = (
				B959481D1D3EA060003A082F /* Foundation.framework */,
				B959481B1D3EA051003A082F /* UIKit.framework */,
				B95948191D3EA039003A082F /* AVFoundation.framework */,
				9D896AE91CDE642F008B0E5F /* Nimble.framework */,
				9D896AEA1CDE642F008B0E5F /* Quick.framework */,
			);
			name = Frameworks;
			sourceTree = "<group>";
		};
		B988B96D1D24481400824685 /* Utilities */ = {
			isa = PBXGroup;
			children = (
				B988B9761D244D6300824685 /* Alerts */,
				B988B9721D244BAE00824685 /* AssociatedObject.swift */,
				B988B9801D24621000824685 /* DeviceType.swift */,
				B9F63CC11D5CE7FA00D09C1D /* Identifiable.swift */,
				CE1186881EA79EFF00105D6F /* NibLoadable.swift */,
				CE80E0F01E82D1F9005C300E /* PathAppendable.swift */,
				CE1186911EA7A5FE00105D6F /* General.swift */,
			);
			path = Utilities;
			sourceTree = "<group>";
		};
		B988B9761D244D6300824685 /* Alerts */ = {
			isa = PBXGroup;
			children = (
				B988B9771D244D6300824685 /* AlertViewPresenter.swift */,
				B988B9781D244D6300824685 /* ConfirmationAlertViewModel.swift */,
				B988B9791D244D6300824685 /* ErrorAlertViewModel.swift */,
			);
			path = Alerts;
			sourceTree = "<group>";
		};
		CE1186901EA7A1CA00105D6F /* Resources */ = {
			isa = PBXGroup;
			children = (
				CE1186971EA7C7F800105D6F /* NibLoadableCollectionCell.xib */,
				CE1186951EA7C70700105D6F /* NibLoadableCollectionView.xib */,
				CE1186991EA7C84D00105D6F /* NibLoadableTableCell.xib */,
				CE11869B1EA7C9C600105D6F /* NibLoadableTableViewCustom.xib */,
				CE1186A51EA7E2A200105D6F /* NibLoadableUICollectionView.xib */,
				CE1186A71EA7EF2E00105D6F /* NibLoadableUITableView.xib */,
				CE11869D1EA7C9DE00105D6F /* Resources.swift */,
			);
			path = Resources;
			sourceTree = "<group>";
		};
		CE1DE004209A66A9007471A0 /* AnimationDemo */ = {
			isa = PBXGroup;
			children = (
				CE1DE006209A66A9007471A0 /* Assets.xcassets */,
				CE1DE007209A66A9007471A0 /* LaunchScreen.storyboard */,
				CE1DE009209A66A9007471A0 /* Main.storyboard */,
				CE1DE00B209A66A9007471A0 /* AppDelegate.swift */,
				CE1DE00C209A66A9007471A0 /* Info.plist */,
				AECEB3A3227CD8280070C01F /* CardsViewController.swift */,
				AECEB4AF2281F79C0070C01F /* AnimationsViewController.swift */,
				AECEB4B1228221110070C01F /* SimpleExample.swift */,
			);
			path = AnimationDemo;
			sourceTree = "<group>";
		};
		CE3A9B771E607B28005D7E8F /* Foundation */ = {
			isa = PBXGroup;
			children = (
				CE3A9B781E607B28005D7E8F /* Array.swift */,
				CE3A9B7B1E607B28005D7E8F /* Bundle.swift */,
				CEE9BFCD1E8986F700D0E65D /* Collection.swift */,
				CE3A9B791E607B28005D7E8F /* Date.swift */,
				CE3A9B7A1E607B28005D7E8F /* Dictionary.swift */,
				CE3A9B7E1E607B28005D7E8F /* RawRepresentable.swift */,
				CE3A9B7F1E607B28005D7E8F /* String.swift */,
				CE3A9B7C1E607B28005D7E8F /* Timer.swift */,
				CE3A9B7D1E607B28005D7E8F /* URL.swift */,
				0CB8BAB3216F82FF00C8D6C1 /* Comparable.swift */,
			);
			path = Foundation;
			sourceTree = "<group>";
		};
		CE3A9B831E607B28005D7E8F /* UIKit */ = {
			isa = PBXGroup;
			children = (
				CE3A9B841E607B28005D7E8F /* UIAlertController.swift */,
				CE3A9B851E607B28005D7E8F /* UIButton.swift */,
				CED934841E8456480017CF96 /* UICollectionView.swift */,
				CE3A9B861E607B28005D7E8F /* UIColor.swift */,
				CEEC517D1EE5ECD300BC41FE /* UILabel.swift */,
				B8CF9A8B1EE9EF6E0063F951 /* UIImage.swift */,
				CE3A9B871E607B28005D7E8F /* UITableView.swift */,
				CE3A9B881E607B28005D7E8F /* UITextField.swift */,
				CE3A9B891E607B28005D7E8F /* UIView */,
				CE3A9B8D1E607B28005D7E8F /* UIViewController.swift */,
				CE228ADF1EF2FE1E00097B19 /* UIFont.swift */,
				0CB88321216455D90073459D /* UIImageView.swift */,
			);
			path = UIKit;
			sourceTree = "<group>";
		};
		CE3A9B891E607B28005D7E8F /* UIView */ = {
			isa = PBXGroup;
			children = (
				653DCB8021DE7AFD00C1C332 /* GestureRecognizers */,
				CE0DA7D01FD847D600D0B1E3 /* Gradient.swift */,
				CE3A9B8A1E607B28005D7E8F /* Collapsable.swift */,
				CE3A9B8C1E607B28005D7E8F /* Borders.swift */,
				CE4F2CB72135ED9F007BB465 /* AddInto.swift */,
				CE4F2CB92135EFF4007BB465 /* SafeLayout.swift */,
			);
			path = UIView;
			sourceTree = "<group>";
		};
		CEB8ED241FE968410037ED3D /* WolmoCoreDemo */ = {
			isa = PBXGroup;
			children = (
				0C02AB4D21682B8A007DB327 /* StringToImage */,
				CEB8ED251FE968410037ED3D /* AppDelegate.swift */,
				CE6E9A1B20C59FB60068CC7A /* CustomFontProvider.swift */,
				CEB8ED271FE968410037ED3D /* ViewController.swift */,
				CEB8ED571FE96ABC0037ED3D /* View.swift */,
				CEB8ED511FE9688E0037ED3D /* View.xib */,
				CEB8ED531FE968A30037ED3D /* ChildController.swift */,
				CEB8ED591FE96ACA0037ED3D /* ChildView.swift */,
				CEB8ED551FE968B40037ED3D /* ChildView.xib */,
				CEB8ED2C1FE968410037ED3D /* Assets.xcassets */,
				CEB8ED2E1FE968410037ED3D /* LaunchScreen.storyboard */,
				CEB8ED311FE968410037ED3D /* Info.plist */,
			);
			path = WolmoCoreDemo;
			sourceTree = "<group>";
		};
		CEE9BFA31E8986D400D0E65D /* Extensions */ = {
			isa = PBXGroup;
			children = (
				CEE9BFB01E8986D400D0E65D /* UIKit */,
				CEE9BFA41E8986D400D0E65D /* Foundation */,
			);
			path = Extensions;
			sourceTree = "<group>";
		};
		CEE9BFA41E8986D400D0E65D /* Foundation */ = {
			isa = PBXGroup;
			children = (
				CEE9BFA51E8986D400D0E65D /* ArraySpec.swift */,
				CE1186AB1EA7F67800105D6F /* BundleSpec.swift */,
				CEE9BFA61E8986D400D0E65D /* CollectionSpec.swift */,
				CEE9BFA71E8986D400D0E65D /* DateSpec.swift */,
				CEE9BFA81E8986D400D0E65D /* DictionarySpec.swift */,
				CEE9BFA91E8986D400D0E65D /* RawRepresentableSpec.swift */,
				CEE9BFAA1E8986D400D0E65D /* StringSpec.swift */,
				CEE9BFAB1E8986D400D0E65D /* TimerSpec.swift */,
				CEE9BFAC1E8986D400D0E65D /* URLSpec.swift */,
				0CB8BAB5216F835E00C8D6C1 /* ComparableSpec.swift */,
			);
			path = Foundation;
			sourceTree = "<group>";
		};
		CEE9BFB01E8986D400D0E65D /* UIKit */ = {
			isa = PBXGroup;
			children = (
				65E1179E21DD11A1000F7493 /* UIView */,
				CEE9BFB11E8986D400D0E65D /* UIAlertControllerSpec.swift */,
				CE11868C1EA7A0E100105D6F /* UICollectionViewSpec.swift */,
				CEE9BFB21E8986D400D0E65D /* UIColorSpec.swift */,
				CEEC517F1EE5EE3400BC41FE /* UILabelSpec.swift */,
				B82058CC1EEF33950002D7D4 /* UIImageSpec.swift */,
				CE11868A1EA7A0CD00105D6F /* UITableViewSpec.swift */,
				CEE9BFB31E8986D400D0E65D /* UITextFieldSpec.swift */,
				CE6E9A1D20C5A1CE0068CC7A /* UIFontSpec.swift */,
			);
			path = UIKit;
			sourceTree = "<group>";
		};
		CEE9BFC11E8986DC00D0E65D /* Utilities */ = {
			isa = PBXGroup;
			children = (
				CEE9BFC21E8986DC00D0E65D /* Alerts */,
				CEE9BFC51E8986DC00D0E65D /* AssociatedObjectSpec.swift */,
				CEE9BFC61E8986DC00D0E65D /* IdentifiableSpec.swift */,
				CE11869F1EA7CA7900105D6F /* NibLoadableSpec.swift */,
				CEE9BFC71E8986DC00D0E65D /* PathAppendableSpec.swift */,
				CE1186931EA7A7C600105D6F /* GeneralSpec.swift */,
			);
			path = Utilities;
			sourceTree = "<group>";
		};
		CEE9BFC21E8986DC00D0E65D /* Alerts */ = {
			isa = PBXGroup;
			children = (
				CEE9BFC31E8986DC00D0E65D /* ConfirmationAlertViewModelSpec.swift */,
				CEE9BFC41E8986DC00D0E65D /* ErrorAlertViewModelSpec.swift */,
			);
			path = Alerts;
			sourceTree = "<group>";
		};
/* End PBXGroup section */

/* Begin PBXHeadersBuildPhase section */
		9D896AB51CDE3EC5008B0E5F /* Headers */ = {
			isa = PBXHeadersBuildPhase;
			buildActionMask = 2147483647;
			files = (
				9D896ABC1CDE3EC5008B0E5F /* WolmoCore.h in Headers */,
			);
			runOnlyForDeploymentPostprocessing = 0;
		};
/* End PBXHeadersBuildPhase section */

/* Begin PBXNativeTarget section */
		9D896AB71CDE3EC5008B0E5F /* WolmoCore */ = {
			isa = PBXNativeTarget;
			buildConfigurationList = 9D896ACC1CDE3EC5008B0E5F /* Build configuration list for PBXNativeTarget "WolmoCore" */;
			buildPhases = (
				9D896AB31CDE3EC5008B0E5F /* Sources */,
				9D896AB41CDE3EC5008B0E5F /* Frameworks */,
				9D896AB51CDE3EC5008B0E5F /* Headers */,
				9D896AB61CDE3EC5008B0E5F /* Resources */,
				9D896AD31CDE5E64008B0E5F /* Swiftlint */,
			);
			buildRules = (
			);
			dependencies = (
			);
			name = WolmoCore;
			productName = WolmoCore;
			productReference = 9D896AB81CDE3EC5008B0E5F /* WolmoCore.framework */;
			productType = "com.apple.product-type.framework";
		};
		9D896AC11CDE3EC5008B0E5F /* WolmoCoreTests */ = {
			isa = PBXNativeTarget;
			buildConfigurationList = 9D896ACF1CDE3EC5008B0E5F /* Build configuration list for PBXNativeTarget "WolmoCoreTests" */;
			buildPhases = (
				9D896ABE1CDE3EC5008B0E5F /* Sources */,
				9D896ABF1CDE3EC5008B0E5F /* Frameworks */,
				9D896AC01CDE3EC5008B0E5F /* Resources */,
				9D896AED1CDE64F6008B0E5F /* CopyFiles */,
			);
			buildRules = (
			);
			dependencies = (
				CE74869C2047067D00636D98 /* PBXTargetDependency */,
			);
			name = WolmoCoreTests;
			productName = WolmoCoreTests;
			productReference = 9D896AC21CDE3EC5008B0E5F /* WolmoCoreTests.xctest */;
			productType = "com.apple.product-type.bundle.unit-test";
		};
		CE1DDFE2209A653F007471A0 /* AnimationDemo */ = {
			isa = PBXNativeTarget;
			buildConfigurationList = CE1DDFFF209A653F007471A0 /* Build configuration list for PBXNativeTarget "AnimationDemo" */;
			buildPhases = (
				CE1DDFE5209A653F007471A0 /* Sources */,
				CE1DDFEB209A653F007471A0 /* Frameworks */,
				CE1DDFF4209A653F007471A0 /* Resources */,
				CE1DDFF9209A653F007471A0 /* Copy Frameworks */,
			);
			buildRules = (
			);
			dependencies = (
				CE1DDFE3209A653F007471A0 /* PBXTargetDependency */,
			);
			name = AnimationDemo;
			productName = WolmoCoreDemo;
			productReference = CE1DE002209A653F007471A0 /* AnimationDemo.app */;
			productType = "com.apple.product-type.application";
		};
		CEB8ED221FE968410037ED3D /* WolmoCoreDemo */ = {
			isa = PBXNativeTarget;
			buildConfigurationList = CEB8ED481FE968420037ED3D /* Build configuration list for PBXNativeTarget "WolmoCoreDemo" */;
			buildPhases = (
				CEB8ED1F1FE968410037ED3D /* Sources */,
				CEB8ED201FE968410037ED3D /* Frameworks */,
				CEB8ED211FE968410037ED3D /* Resources */,
				CE74869D2047072100636D98 /* Copy Frameworks */,
			);
			buildRules = (
			);
			dependencies = (
				CE74869A2047067700636D98 /* PBXTargetDependency */,
			);
			name = WolmoCoreDemo;
			productName = WolmoCoreDemo;
			productReference = CEB8ED231FE968410037ED3D /* WolmoCoreDemo.app */;
			productType = "com.apple.product-type.application";
		};
/* End PBXNativeTarget section */

/* Begin PBXProject section */
		9D896AAF1CDE3EC5008B0E5F /* Project object */ = {
			isa = PBXProject;
			attributes = {
				LastSwiftUpdateCheck = 0920;
				LastUpgradeCheck = 1010;
				ORGANIZATIONNAME = Wolox;
				TargetAttributes = {
					9D896AB71CDE3EC5008B0E5F = {
						CreatedOnToolsVersion = 7.3.1;
						DevelopmentTeam = 7XS5GQGS29;
						LastSwiftMigration = 1020;
						ProvisioningStyle = Automatic;
					};
					9D896AC11CDE3EC5008B0E5F = {
						CreatedOnToolsVersion = 7.3.1;
						DevelopmentTeam = 7XS5GQGS29;
						LastSwiftMigration = 1020;
					};
					CE1DDFE2209A653F007471A0 = {
						DevelopmentTeam = 7XS5GQGS29;
						ProvisioningStyle = Automatic;
					};
					CEB8ED221FE968410037ED3D = {
						CreatedOnToolsVersion = 9.1;
						DevelopmentTeam = 7XS5GQGS29;
						ProvisioningStyle = Automatic;
					};
				};
			};
			buildConfigurationList = 9D896AB21CDE3EC5008B0E5F /* Build configuration list for PBXProject "WolmoCore" */;
			compatibilityVersion = "Xcode 3.2";
			developmentRegion = English;
			hasScannedForEncodings = 0;
			knownRegions = (
				English,
				en,
				Base,
			);
			mainGroup = 9D896AAE1CDE3EC5008B0E5F;
			productRefGroup = 9D896AB91CDE3EC5008B0E5F /* Products */;
			projectDirPath = "";
			projectRoot = "";
			targets = (
				9D896AB71CDE3EC5008B0E5F /* WolmoCore */,
				9D896AC11CDE3EC5008B0E5F /* WolmoCoreTests */,
				CEB8ED221FE968410037ED3D /* WolmoCoreDemo */,
				CE1DDFE2209A653F007471A0 /* AnimationDemo */,
			);
		};
/* End PBXProject section */

/* Begin PBXResourcesBuildPhase section */
		9D896AB61CDE3EC5008B0E5F /* Resources */ = {
			isa = PBXResourcesBuildPhase;
			buildActionMask = 2147483647;
			files = (
			);
			runOnlyForDeploymentPostprocessing = 0;
		};
		9D896AC01CDE3EC5008B0E5F /* Resources */ = {
			isa = PBXResourcesBuildPhase;
			buildActionMask = 2147483647;
			files = (
				CE11869A1EA7C84D00105D6F /* NibLoadableTableCell.xib in Resources */,
				CE11869C1EA7C9C600105D6F /* NibLoadableTableViewCustom.xib in Resources */,
				CE1186961EA7C70700105D6F /* NibLoadableCollectionView.xib in Resources */,
				CE1186A81EA7EF2E00105D6F /* NibLoadableUITableView.xib in Resources */,
				2D9229821F5D9BF5004F9A80 /* Assets.xcassets in Resources */,
				CE983D471F913350004E8712 /* Localizable.strings in Resources */,
				CE1186A61EA7E2A200105D6F /* NibLoadableUICollectionView.xib in Resources */,
				CE1186981EA7C7F800105D6F /* NibLoadableCollectionCell.xib in Resources */,
			);
			runOnlyForDeploymentPostprocessing = 0;
		};
		CE1DDFF4209A653F007471A0 /* Resources */ = {
			isa = PBXResourcesBuildPhase;
			buildActionMask = 2147483647;
			files = (
				CEECA02F209A7053001A7E37 /* Main.storyboard in Resources */,
				CE1DDFF5209A653F007471A0 /* View.xib in Resources */,
				CE1DDFF6209A653F007471A0 /* LaunchScreen.storyboard in Resources */,
				CE1DDFF7209A653F007471A0 /* Assets.xcassets in Resources */,
				CE1DDFF8209A653F007471A0 /* ChildView.xib in Resources */,
				CEECA02D209A704B001A7E37 /* Assets.xcassets in Resources */,
			);
			runOnlyForDeploymentPostprocessing = 0;
		};
		CEB8ED211FE968410037ED3D /* Resources */ = {
			isa = PBXResourcesBuildPhase;
			buildActionMask = 2147483647;
			files = (
				0C02AB5521682BD2007DB327 /* StringToImageView.xib in Resources */,
				CEB8ED521FE9688E0037ED3D /* View.xib in Resources */,
				CEB8ED301FE968410037ED3D /* LaunchScreen.storyboard in Resources */,
				CEB8ED2D1FE968410037ED3D /* Assets.xcassets in Resources */,
				CEB8ED561FE968B40037ED3D /* ChildView.xib in Resources */,
			);
			runOnlyForDeploymentPostprocessing = 0;
		};
/* End PBXResourcesBuildPhase section */

/* Begin PBXShellScriptBuildPhase section */
		9D896AD31CDE5E64008B0E5F /* Swiftlint */ = {
			isa = PBXShellScriptBuildPhase;
			buildActionMask = 2147483647;
			files = (
			);
			inputPaths = (
			);
			name = Swiftlint;
			outputPaths = (
			);
			runOnlyForDeploymentPostprocessing = 0;
			shellPath = /bin/sh;
			shellScript = "if [ ! -z \"$RUNNING_ON_CI\" ]\nthen\n    echo \"SwiftLint run script has been disabled\"\n    exit 0\nfi\n\nif which swiftlint >/dev/null; then\n    swiftlint\nelse\n    echo \"warning: SwiftLint not installed, download from https://github.com/realm/SwiftLint\"\nfi";
		};
/* End PBXShellScriptBuildPhase section */

/* Begin PBXSourcesBuildPhase section */
		9D896AB31CDE3EC5008B0E5F /* Sources */ = {
			isa = PBXSourcesBuildPhase;
			buildActionMask = 2147483647;
			files = (
				CEEC517E1EE5ECD300BC41FE /* UILabel.swift in Sources */,
				CE80E0F11E82D1F9005C300E /* PathAppendable.swift in Sources */,
				0CB8BAB4216F82FF00C8D6C1 /* Comparable.swift in Sources */,
				CE3A9BA21E607B28005D7E8F /* UIViewController.swift in Sources */,
				CE228AE01EF2FE1E00097B19 /* UIFont.swift in Sources */,
				B9F63CC21D5CE7FA00D09C1D /* Identifiable.swift in Sources */,
				CE3A9B9E1E607B28005D7E8F /* UITextField.swift in Sources */,
				CE3A9B941E607B28005D7E8F /* Timer.swift in Sources */,
				CE1DDFE0209A646B007471A0 /* UIViewExtension.swift in Sources */,
				CE3A9B9D1E607B28005D7E8F /* UITableView.swift in Sources */,
				CE3A9B921E607B28005D7E8F /* Dictionary.swift in Sources */,
				CE1DDFE1209A646B007471A0 /* MixedAnimation.swift in Sources */,
				CE3A9B961E607B28005D7E8F /* RawRepresentable.swift in Sources */,
				653DCB8921DE7B5200C1C332 /* LongPressRecognizer.swift in Sources */,
				CE1DDFDF209A646B007471A0 /* Animation.swift in Sources */,
				CE1186921EA7A5FE00105D6F /* General.swift in Sources */,
				653DCB8E21DE7B5200C1C332 /* SwipeRecognizer.swift in Sources */,
				CE3A9B9F1E607B28005D7E8F /* Collapsable.swift in Sources */,
				B988B97C1D244D6300824685 /* AlertViewPresenter.swift in Sources */,
				CE4F2CB82135ED9F007BB465 /* AddInto.swift in Sources */,
				653DCB8A21DE7B5200C1C332 /* PanRecognizer.swift in Sources */,
				653DCB8D21DE7B5200C1C332 /* ScreenEdgePanRecognizer.swift in Sources */,
				B988B9731D244BAE00824685 /* AssociatedObject.swift in Sources */,
				CE3A9B9C1E607B28005D7E8F /* UIColor.swift in Sources */,
				653DCB8C21DE7B5200C1C332 /* PinchRecognizer.swift in Sources */,
				CE1DDFDE209A646B007471A0 /* SimpleAnimation.swift in Sources */,
				653DCB8B21DE7B5200C1C332 /* RotationRecognizer.swift in Sources */,
				CE3A9B9A1E607B28005D7E8F /* UIAlertController.swift in Sources */,
				B988B97D1D244D6300824685 /* ConfirmationAlertViewModel.swift in Sources */,
				CE4F2CBA2135EFF4007BB465 /* SafeLayout.swift in Sources */,
				CE1DDFDD209A646B007471A0 /* ChainedAnimation.swift in Sources */,
				CE3A9B901E607B28005D7E8F /* Array.swift in Sources */,
				CE3A9B931E607B28005D7E8F /* Bundle.swift in Sources */,
				CE3A9B951E607B28005D7E8F /* URL.swift in Sources */,
				CE3A9B971E607B28005D7E8F /* String.swift in Sources */,
				0CB88322216455D90073459D /* UIImageView.swift in Sources */,
				B8CF9A8C1EE9EF6E0063F951 /* UIImage.swift in Sources */,
				CEE9BFCE1E8986F700D0E65D /* Collection.swift in Sources */,
				653DCB8F21DE7B5200C1C332 /* TapRecognizer.swift in Sources */,
				CE3A9B911E607B28005D7E8F /* Date.swift in Sources */,
				CED934851E8456480017CF96 /* UICollectionView.swift in Sources */,
				CE1186891EA79EFF00105D6F /* NibLoadable.swift in Sources */,
				B988B9811D24621000824685 /* DeviceType.swift in Sources */,
				B988B97E1D244D6300824685 /* ErrorAlertViewModel.swift in Sources */,
				CE3A9BA11E607B28005D7E8F /* Borders.swift in Sources */,
				CE3A9B9B1E607B28005D7E8F /* UIButton.swift in Sources */,
				CE0DA7D11FD847D600D0B1E3 /* Gradient.swift in Sources */,
			);
			runOnlyForDeploymentPostprocessing = 0;
		};
		9D896ABE1CDE3EC5008B0E5F /* Sources */ = {
			isa = PBXSourcesBuildPhase;
			buildActionMask = 2147483647;
			files = (
				653DCB9821DE7B5F00C1C332 /* LongPressRecognizerSpec.swift in Sources */,
				CEE9BFBB1E8986D400D0E65D /* URLSpec.swift in Sources */,
				CEE9BFC01E8986D400D0E65D /* UITextFieldSpec.swift in Sources */,
				CE11868B1EA7A0CD00105D6F /* UITableViewSpec.swift in Sources */,
				CEE9BFB61E8986D400D0E65D /* DateSpec.swift in Sources */,
				653DCB9D21DE7B5F00C1C332 /* PanRecognizerSpec.swift in Sources */,
				653DCB9721DE7B5F00C1C332 /* RotationRecognizerSpec.swift in Sources */,
				653DCB9921DE7B5F00C1C332 /* ScreenEdgePanRecognizerSpec.swift in Sources */,
				0CB8BAB6216F835E00C8D6C1 /* ComparableSpec.swift in Sources */,
				CEE9BFC81E8986DC00D0E65D /* ConfirmationAlertViewModelSpec.swift in Sources */,
				653DCB9C21DE7B5F00C1C332 /* PinchRecognizerSpec.swift in Sources */,
				CEE9BFCB1E8986DC00D0E65D /* IdentifiableSpec.swift in Sources */,
				CEE9BFB71E8986D400D0E65D /* DictionarySpec.swift in Sources */,
				CEE9BFCC1E8986DC00D0E65D /* PathAppendableSpec.swift in Sources */,
				CE1186941EA7A7C600105D6F /* GeneralSpec.swift in Sources */,
				CEE9BFB91E8986D400D0E65D /* StringSpec.swift in Sources */,
				CEEC51801EE5EE3400BC41FE /* UILabelSpec.swift in Sources */,
				CEE9BFCA1E8986DC00D0E65D /* AssociatedObjectSpec.swift in Sources */,
				CEE9BFBF1E8986D400D0E65D /* UIColorSpec.swift in Sources */,
				CE1186AC1EA7F67800105D6F /* BundleSpec.swift in Sources */,
				653DCB9A21DE7B5F00C1C332 /* TapRecognizerSpec.swift in Sources */,
				CEE9BFB41E8986D400D0E65D /* ArraySpec.swift in Sources */,
				CE1186A01EA7CA7900105D6F /* NibLoadableSpec.swift in Sources */,
				B82058CD1EEF33950002D7D4 /* UIImageSpec.swift in Sources */,
				CEE9BFB81E8986D400D0E65D /* RawRepresentableSpec.swift in Sources */,
				CEE9BFC91E8986DC00D0E65D /* ErrorAlertViewModelSpec.swift in Sources */,
				CEE9BFBE1E8986D400D0E65D /* UIAlertControllerSpec.swift in Sources */,
				653DCB9B21DE7B5F00C1C332 /* SwipeRecognizerSpec.swift in Sources */,
				CE6E9A1E20C5A1CE0068CC7A /* UIFontSpec.swift in Sources */,
				CE11868D1EA7A0E100105D6F /* UICollectionViewSpec.swift in Sources */,
				CEE9BFBA1E8986D400D0E65D /* TimerSpec.swift in Sources */,
				CE11869E1EA7C9DE00105D6F /* Resources.swift in Sources */,
				CEE9BFB51E8986D400D0E65D /* CollectionSpec.swift in Sources */,
			);
			runOnlyForDeploymentPostprocessing = 0;
		};
		CE1DDFE5209A653F007471A0 /* Sources */ = {
			isa = PBXSourcesBuildPhase;
			buildActionMask = 2147483647;
			files = (
				AECEB3A4227CD8280070C01F /* CardsViewController.swift in Sources */,
				CEECA031209A7059001A7E37 /* AppDelegate.swift in Sources */,
				AECEB4B2228221110070C01F /* SimpleExample.swift in Sources */,
				AECEB4B02281F79C0070C01F /* AnimationsViewController.swift in Sources */,
			);
			runOnlyForDeploymentPostprocessing = 0;
		};
		CEB8ED1F1FE968410037ED3D /* Sources */ = {
			isa = PBXSourcesBuildPhase;
			buildActionMask = 2147483647;
			files = (
				CEB8ED581FE96ABC0037ED3D /* View.swift in Sources */,
				CEB8ED281FE968410037ED3D /* ViewController.swift in Sources */,
				0C02AB5321682BD2007DB327 /* StringToImageView.swift in Sources */,
				CEB8ED541FE968A30037ED3D /* ChildController.swift in Sources */,
				CEB8ED261FE968410037ED3D /* AppDelegate.swift in Sources */,
				CE6E9A1C20C59FB60068CC7A /* CustomFontProvider.swift in Sources */,
				CEB8ED5A1FE96ACA0037ED3D /* ChildView.swift in Sources */,
				0C02AB5221682BD2007DB327 /* StringToImageController.swift in Sources */,
			);
			runOnlyForDeploymentPostprocessing = 0;
		};
/* End PBXSourcesBuildPhase section */

/* Begin PBXTargetDependency section */
		CE1DDFE3209A653F007471A0 /* PBXTargetDependency */ = {
			isa = PBXTargetDependency;
			target = 9D896AB71CDE3EC5008B0E5F /* WolmoCore */;
			targetProxy = CE1DDFE4209A653F007471A0 /* PBXContainerItemProxy */;
		};
		CE74869A2047067700636D98 /* PBXTargetDependency */ = {
			isa = PBXTargetDependency;
			target = 9D896AB71CDE3EC5008B0E5F /* WolmoCore */;
			targetProxy = CE7486992047067700636D98 /* PBXContainerItemProxy */;
		};
		CE74869C2047067D00636D98 /* PBXTargetDependency */ = {
			isa = PBXTargetDependency;
			target = 9D896AB71CDE3EC5008B0E5F /* WolmoCore */;
			targetProxy = CE74869B2047067D00636D98 /* PBXContainerItemProxy */;
		};
/* End PBXTargetDependency section */

/* Begin PBXVariantGroup section */
		CE1DE007209A66A9007471A0 /* LaunchScreen.storyboard */ = {
			isa = PBXVariantGroup;
			children = (
				CE1DE008209A66A9007471A0 /* Base */,
			);
			name = LaunchScreen.storyboard;
			sourceTree = "<group>";
		};
		CE1DE009209A66A9007471A0 /* Main.storyboard */ = {
			isa = PBXVariantGroup;
			children = (
				CE1DE00A209A66A9007471A0 /* Base */,
			);
			name = Main.storyboard;
			sourceTree = "<group>";
		};
		CEB8ED2E1FE968410037ED3D /* LaunchScreen.storyboard */ = {
			isa = PBXVariantGroup;
			children = (
				CEB8ED2F1FE968410037ED3D /* Base */,
			);
			name = LaunchScreen.storyboard;
			sourceTree = "<group>";
		};
/* End PBXVariantGroup section */

/* Begin XCBuildConfiguration section */
		9D896ACA1CDE3EC5008B0E5F /* Debug */ = {
			isa = XCBuildConfiguration;
			buildSettings = {
				ALWAYS_SEARCH_USER_PATHS = NO;
				CLANG_ANALYZER_NONNULL = YES;
				CLANG_CXX_LANGUAGE_STANDARD = "gnu++0x";
				CLANG_CXX_LIBRARY = "libc++";
				CLANG_ENABLE_MODULES = YES;
				CLANG_ENABLE_OBJC_ARC = YES;
				CLANG_WARN_BLOCK_CAPTURE_AUTORELEASING = YES;
				CLANG_WARN_BOOL_CONVERSION = YES;
				CLANG_WARN_COMMA = YES;
				CLANG_WARN_CONSTANT_CONVERSION = YES;
				CLANG_WARN_DEPRECATED_OBJC_IMPLEMENTATIONS = YES;
				CLANG_WARN_DIRECT_OBJC_ISA_USAGE = YES_ERROR;
				CLANG_WARN_EMPTY_BODY = YES;
				CLANG_WARN_ENUM_CONVERSION = YES;
				CLANG_WARN_INFINITE_RECURSION = YES;
				CLANG_WARN_INT_CONVERSION = YES;
				CLANG_WARN_NON_LITERAL_NULL_CONVERSION = YES;
				CLANG_WARN_OBJC_IMPLICIT_RETAIN_SELF = YES;
				CLANG_WARN_OBJC_LITERAL_CONVERSION = YES;
				CLANG_WARN_OBJC_ROOT_CLASS = YES_ERROR;
				CLANG_WARN_RANGE_LOOP_ANALYSIS = YES;
				CLANG_WARN_STRICT_PROTOTYPES = YES;
				CLANG_WARN_SUSPICIOUS_MOVE = YES;
				CLANG_WARN_UNREACHABLE_CODE = YES;
				CLANG_WARN__DUPLICATE_METHOD_MATCH = YES;
				"CODE_SIGN_IDENTITY[sdk=iphoneos*]" = "iPhone Developer";
				COPY_PHASE_STRIP = NO;
				CURRENT_PROJECT_VERSION = 1;
				DEBUG_INFORMATION_FORMAT = dwarf;
				ENABLE_STRICT_OBJC_MSGSEND = YES;
				ENABLE_TESTABILITY = YES;
				GCC_C_LANGUAGE_STANDARD = gnu99;
				GCC_DYNAMIC_NO_PIC = NO;
				GCC_NO_COMMON_BLOCKS = YES;
				GCC_OPTIMIZATION_LEVEL = 0;
				GCC_PREPROCESSOR_DEFINITIONS = (
					"DEBUG=1",
					"$(inherited)",
				);
				GCC_WARN_64_TO_32_BIT_CONVERSION = YES;
				GCC_WARN_ABOUT_RETURN_TYPE = YES_ERROR;
				GCC_WARN_UNDECLARED_SELECTOR = YES;
				GCC_WARN_UNINITIALIZED_AUTOS = YES_AGGRESSIVE;
				GCC_WARN_UNUSED_FUNCTION = YES;
				GCC_WARN_UNUSED_VARIABLE = YES;
				IPHONEOS_DEPLOYMENT_TARGET = 9.0;
				MTL_ENABLE_DEBUG_INFO = YES;
				ONLY_ACTIVE_ARCH = YES;
				SDKROOT = iphoneos;
				SWIFT_OPTIMIZATION_LEVEL = "-Onone";
				SWIFT_VERSION = 4.2;
				TARGETED_DEVICE_FAMILY = "1,2";
				VERSIONING_SYSTEM = "apple-generic";
				VERSION_INFO_PREFIX = "";
			};
			name = Debug;
		};
		9D896ACB1CDE3EC5008B0E5F /* Release */ = {
			isa = XCBuildConfiguration;
			buildSettings = {
				ALWAYS_SEARCH_USER_PATHS = NO;
				CLANG_ANALYZER_NONNULL = YES;
				CLANG_CXX_LANGUAGE_STANDARD = "gnu++0x";
				CLANG_CXX_LIBRARY = "libc++";
				CLANG_ENABLE_MODULES = YES;
				CLANG_ENABLE_OBJC_ARC = YES;
				CLANG_WARN_BLOCK_CAPTURE_AUTORELEASING = YES;
				CLANG_WARN_BOOL_CONVERSION = YES;
				CLANG_WARN_COMMA = YES;
				CLANG_WARN_CONSTANT_CONVERSION = YES;
				CLANG_WARN_DEPRECATED_OBJC_IMPLEMENTATIONS = YES;
				CLANG_WARN_DIRECT_OBJC_ISA_USAGE = YES_ERROR;
				CLANG_WARN_EMPTY_BODY = YES;
				CLANG_WARN_ENUM_CONVERSION = YES;
				CLANG_WARN_INFINITE_RECURSION = YES;
				CLANG_WARN_INT_CONVERSION = YES;
				CLANG_WARN_NON_LITERAL_NULL_CONVERSION = YES;
				CLANG_WARN_OBJC_IMPLICIT_RETAIN_SELF = YES;
				CLANG_WARN_OBJC_LITERAL_CONVERSION = YES;
				CLANG_WARN_OBJC_ROOT_CLASS = YES_ERROR;
				CLANG_WARN_RANGE_LOOP_ANALYSIS = YES;
				CLANG_WARN_STRICT_PROTOTYPES = YES;
				CLANG_WARN_SUSPICIOUS_MOVE = YES;
				CLANG_WARN_UNREACHABLE_CODE = YES;
				CLANG_WARN__DUPLICATE_METHOD_MATCH = YES;
				"CODE_SIGN_IDENTITY[sdk=iphoneos*]" = "iPhone Developer";
				COPY_PHASE_STRIP = NO;
				CURRENT_PROJECT_VERSION = 1;
				DEBUG_INFORMATION_FORMAT = "dwarf-with-dsym";
				ENABLE_NS_ASSERTIONS = NO;
				ENABLE_STRICT_OBJC_MSGSEND = YES;
				GCC_C_LANGUAGE_STANDARD = gnu99;
				GCC_NO_COMMON_BLOCKS = YES;
				GCC_WARN_64_TO_32_BIT_CONVERSION = YES;
				GCC_WARN_ABOUT_RETURN_TYPE = YES_ERROR;
				GCC_WARN_UNDECLARED_SELECTOR = YES;
				GCC_WARN_UNINITIALIZED_AUTOS = YES_AGGRESSIVE;
				GCC_WARN_UNUSED_FUNCTION = YES;
				GCC_WARN_UNUSED_VARIABLE = YES;
				IPHONEOS_DEPLOYMENT_TARGET = 9.0;
				MTL_ENABLE_DEBUG_INFO = NO;
				SDKROOT = iphoneos;
				SWIFT_OPTIMIZATION_LEVEL = "-Owholemodule";
				SWIFT_VERSION = 4.2;
				TARGETED_DEVICE_FAMILY = "1,2";
				VALIDATE_PRODUCT = YES;
				VERSIONING_SYSTEM = "apple-generic";
				VERSION_INFO_PREFIX = "";
			};
			name = Release;
		};
		9D896ACD1CDE3EC5008B0E5F /* Debug */ = {
			isa = XCBuildConfiguration;
			buildSettings = {
				CLANG_ENABLE_MODULES = YES;
				CODE_SIGN_IDENTITY = "iPhone Developer";
				"CODE_SIGN_IDENTITY[sdk=iphoneos*]" = "";
				DEFINES_MODULE = YES;
				DEVELOPMENT_TEAM = 7XS5GQGS29;
				DYLIB_COMPATIBILITY_VERSION = 1;
				DYLIB_CURRENT_VERSION = 1;
				DYLIB_INSTALL_NAME_BASE = "@rpath";
				FRAMEWORK_SEARCH_PATHS = (
					"$(inherited)",
					"$(PROJECT_DIR)/Carthage/Build/iOS",
				);
				INFOPLIST_FILE = WolmoCore/Info.plist;
				INSTALL_PATH = "$(LOCAL_LIBRARY_DIR)/Frameworks";
				IPHONEOS_DEPLOYMENT_TARGET = 9.0;
				LD_RUNPATH_SEARCH_PATHS = "$(inherited) @executable_path/Frameworks @loader_path/Frameworks $(PROJECT_DIR)/Carthage/Build/iOS";
				PRODUCT_BUNDLE_IDENTIFIER = ar.com.wolox.WolmoCore;
				PRODUCT_NAME = "$(TARGET_NAME)";
				PROVISIONING_PROFILE_SPECIFIER = "";
				SKIP_INSTALL = YES;
				SWIFT_OPTIMIZATION_LEVEL = "-Onone";
				SWIFT_VERSION = 5.0;
			};
			name = Debug;
		};
		9D896ACE1CDE3EC5008B0E5F /* Release */ = {
			isa = XCBuildConfiguration;
			buildSettings = {
				CLANG_ENABLE_MODULES = YES;
				"CODE_SIGN_IDENTITY[sdk=iphoneos*]" = "";
				DEFINES_MODULE = YES;
				DEVELOPMENT_TEAM = 7XS5GQGS29;
				DYLIB_COMPATIBILITY_VERSION = 1;
				DYLIB_CURRENT_VERSION = 1;
				DYLIB_INSTALL_NAME_BASE = "@rpath";
				FRAMEWORK_SEARCH_PATHS = (
					"$(inherited)",
					"$(PROJECT_DIR)/Carthage/Build/iOS",
				);
				INFOPLIST_FILE = WolmoCore/Info.plist;
				INSTALL_PATH = "$(LOCAL_LIBRARY_DIR)/Frameworks";
				IPHONEOS_DEPLOYMENT_TARGET = 9.0;
				LD_RUNPATH_SEARCH_PATHS = "$(inherited) @executable_path/Frameworks @loader_path/Frameworks $(PROJECT_DIR)/Carthage/Build/iOS";
				PRODUCT_BUNDLE_IDENTIFIER = ar.com.wolox.WolmoCore;
				PRODUCT_NAME = "$(TARGET_NAME)";
				PROVISIONING_PROFILE_SPECIFIER = "";
				SKIP_INSTALL = YES;
				SWIFT_VERSION = 5.0;
			};
			name = Release;
		};
		9D896AD01CDE3EC5008B0E5F /* Debug */ = {
			isa = XCBuildConfiguration;
			buildSettings = {
				DEVELOPMENT_TEAM = 7XS5GQGS29;
				FRAMEWORK_SEARCH_PATHS = (
					"$(inherited)",
					"$(PROJECT_DIR)/Carthage/Build/iOS",
				);
				INFOPLIST_FILE = WolmoCoreTests/Info.plist;
				LD_RUNPATH_SEARCH_PATHS = "$(inherited) @executable_path/Frameworks @loader_path/Frameworks $(PROJECT_DIR)/Carthage/Build/iOS";
				PRODUCT_BUNDLE_IDENTIFIER = ar.com.wolox.WolmoCoreTests;
				PRODUCT_NAME = "$(TARGET_NAME)";
				SWIFT_VERSION = 5.0;
			};
			name = Debug;
		};
		9D896AD11CDE3EC5008B0E5F /* Release */ = {
			isa = XCBuildConfiguration;
			buildSettings = {
				DEVELOPMENT_TEAM = 7XS5GQGS29;
				FRAMEWORK_SEARCH_PATHS = (
					"$(inherited)",
					"$(PROJECT_DIR)/Carthage/Build/iOS",
				);
				INFOPLIST_FILE = WolmoCoreTests/Info.plist;
				LD_RUNPATH_SEARCH_PATHS = "$(inherited) @executable_path/Frameworks @loader_path/Frameworks $(PROJECT_DIR)/Carthage/Build/iOS";
				PRODUCT_BUNDLE_IDENTIFIER = ar.com.wolox.WolmoCoreTests;
				PRODUCT_NAME = "$(TARGET_NAME)";
				SWIFT_VERSION = 5.0;
			};
			name = Release;
		};
		CE1DE000209A653F007471A0 /* Debug */ = {
			isa = XCBuildConfiguration;
			buildSettings = {
				ASSETCATALOG_COMPILER_APPICON_NAME = AppIcon;
				CLANG_ANALYZER_NUMBER_OBJECT_CONVERSION = YES_AGGRESSIVE;
				CLANG_CXX_LANGUAGE_STANDARD = "gnu++14";
				CLANG_WARN_DOCUMENTATION_COMMENTS = YES;
				CLANG_WARN_UNGUARDED_AVAILABILITY = YES_AGGRESSIVE;
				CODE_SIGN_IDENTITY = "iPhone Developer";
				CODE_SIGN_STYLE = Automatic;
				DEVELOPMENT_TEAM = 7XS5GQGS29;
				FRAMEWORK_SEARCH_PATHS = (
					"$(inherited)",
					"$(PROJECT_DIR)/Carthage/Build/iOS",
				);
				GCC_C_LANGUAGE_STANDARD = gnu11;
				INFOPLIST_FILE = AnimationDemo/Info.plist;
				IPHONEOS_DEPLOYMENT_TARGET = 10.0;
				LD_RUNPATH_SEARCH_PATHS = "$(inherited) @executable_path/Frameworks";
				PRODUCT_BUNDLE_IDENTIFIER = com.Wolox.AnimationDemo;
				PRODUCT_NAME = "$(TARGET_NAME)";
				SWIFT_ACTIVE_COMPILATION_CONDITIONS = DEBUG;
				SWIFT_VERSION = 4.0;
				TARGETED_DEVICE_FAMILY = "1,2";
			};
			name = Debug;
		};
		CE1DE001209A653F007471A0 /* Release */ = {
			isa = XCBuildConfiguration;
			buildSettings = {
				ASSETCATALOG_COMPILER_APPICON_NAME = AppIcon;
				CLANG_ANALYZER_NUMBER_OBJECT_CONVERSION = YES_AGGRESSIVE;
				CLANG_CXX_LANGUAGE_STANDARD = "gnu++14";
				CLANG_WARN_DOCUMENTATION_COMMENTS = YES;
				CLANG_WARN_UNGUARDED_AVAILABILITY = YES_AGGRESSIVE;
				CODE_SIGN_IDENTITY = "iPhone Developer";
				CODE_SIGN_STYLE = Automatic;
				DEVELOPMENT_TEAM = 7XS5GQGS29;
				FRAMEWORK_SEARCH_PATHS = (
					"$(inherited)",
					"$(PROJECT_DIR)/Carthage/Build/iOS",
				);
				GCC_C_LANGUAGE_STANDARD = gnu11;
				INFOPLIST_FILE = AnimationDemo/Info.plist;
				IPHONEOS_DEPLOYMENT_TARGET = 10.0;
				LD_RUNPATH_SEARCH_PATHS = "$(inherited) @executable_path/Frameworks";
				PRODUCT_BUNDLE_IDENTIFIER = com.Wolox.AnimationDemo;
				PRODUCT_NAME = "$(TARGET_NAME)";
				SWIFT_VERSION = 4.0;
				TARGETED_DEVICE_FAMILY = "1,2";
			};
			name = Release;
		};
		CEB8ED491FE968420037ED3D /* Debug */ = {
			isa = XCBuildConfiguration;
			buildSettings = {
				ASSETCATALOG_COMPILER_APPICON_NAME = AppIcon;
				CLANG_ANALYZER_NUMBER_OBJECT_CONVERSION = YES_AGGRESSIVE;
				CLANG_CXX_LANGUAGE_STANDARD = "gnu++14";
				CLANG_WARN_DOCUMENTATION_COMMENTS = YES;
				CLANG_WARN_UNGUARDED_AVAILABILITY = YES_AGGRESSIVE;
				CODE_SIGN_IDENTITY = "iPhone Developer";
				CODE_SIGN_STYLE = Automatic;
				DEVELOPMENT_TEAM = 7XS5GQGS29;
				FRAMEWORK_SEARCH_PATHS = (
					"$(inherited)",
					"$(PROJECT_DIR)/Carthage/Build/iOS",
				);
				GCC_C_LANGUAGE_STANDARD = gnu11;
				INFOPLIST_FILE = WolmoCoreDemo/Info.plist;
				IPHONEOS_DEPLOYMENT_TARGET = 9.0;
				LD_RUNPATH_SEARCH_PATHS = "$(inherited) @executable_path/Frameworks";
				PRODUCT_BUNDLE_IDENTIFIER = com.Wolox.WolmoCoreDemo;
				PRODUCT_NAME = "$(TARGET_NAME)";
				SWIFT_ACTIVE_COMPILATION_CONDITIONS = DEBUG;
				SWIFT_VERSION = 4.0;
				TARGETED_DEVICE_FAMILY = "1,2";
			};
			name = Debug;
		};
		CEB8ED4A1FE968420037ED3D /* Release */ = {
			isa = XCBuildConfiguration;
			buildSettings = {
				ASSETCATALOG_COMPILER_APPICON_NAME = AppIcon;
				CLANG_ANALYZER_NUMBER_OBJECT_CONVERSION = YES_AGGRESSIVE;
				CLANG_CXX_LANGUAGE_STANDARD = "gnu++14";
				CLANG_WARN_DOCUMENTATION_COMMENTS = YES;
				CLANG_WARN_UNGUARDED_AVAILABILITY = YES_AGGRESSIVE;
				CODE_SIGN_IDENTITY = "iPhone Developer";
				CODE_SIGN_STYLE = Automatic;
				DEVELOPMENT_TEAM = 7XS5GQGS29;
				FRAMEWORK_SEARCH_PATHS = (
					"$(inherited)",
					"$(PROJECT_DIR)/Carthage/Build/iOS",
				);
				GCC_C_LANGUAGE_STANDARD = gnu11;
				INFOPLIST_FILE = WolmoCoreDemo/Info.plist;
				IPHONEOS_DEPLOYMENT_TARGET = 9.0;
				LD_RUNPATH_SEARCH_PATHS = "$(inherited) @executable_path/Frameworks";
				PRODUCT_BUNDLE_IDENTIFIER = com.Wolox.WolmoCoreDemo;
				PRODUCT_NAME = "$(TARGET_NAME)";
				SWIFT_VERSION = 4.0;
				TARGETED_DEVICE_FAMILY = "1,2";
			};
			name = Release;
		};
/* End XCBuildConfiguration section */

/* Begin XCConfigurationList section */
		9D896AB21CDE3EC5008B0E5F /* Build configuration list for PBXProject "WolmoCore" */ = {
			isa = XCConfigurationList;
			buildConfigurations = (
				9D896ACA1CDE3EC5008B0E5F /* Debug */,
				9D896ACB1CDE3EC5008B0E5F /* Release */,
			);
			defaultConfigurationIsVisible = 0;
			defaultConfigurationName = Release;
		};
		9D896ACC1CDE3EC5008B0E5F /* Build configuration list for PBXNativeTarget "WolmoCore" */ = {
			isa = XCConfigurationList;
			buildConfigurations = (
				9D896ACD1CDE3EC5008B0E5F /* Debug */,
				9D896ACE1CDE3EC5008B0E5F /* Release */,
			);
			defaultConfigurationIsVisible = 0;
			defaultConfigurationName = Release;
		};
		9D896ACF1CDE3EC5008B0E5F /* Build configuration list for PBXNativeTarget "WolmoCoreTests" */ = {
			isa = XCConfigurationList;
			buildConfigurations = (
				9D896AD01CDE3EC5008B0E5F /* Debug */,
				9D896AD11CDE3EC5008B0E5F /* Release */,
			);
			defaultConfigurationIsVisible = 0;
			defaultConfigurationName = Release;
		};
		CE1DDFFF209A653F007471A0 /* Build configuration list for PBXNativeTarget "AnimationDemo" */ = {
			isa = XCConfigurationList;
			buildConfigurations = (
				CE1DE000209A653F007471A0 /* Debug */,
				CE1DE001209A653F007471A0 /* Release */,
			);
			defaultConfigurationIsVisible = 0;
			defaultConfigurationName = Release;
		};
		CEB8ED481FE968420037ED3D /* Build configuration list for PBXNativeTarget "WolmoCoreDemo" */ = {
			isa = XCConfigurationList;
			buildConfigurations = (
				CEB8ED491FE968420037ED3D /* Debug */,
				CEB8ED4A1FE968420037ED3D /* Release */,
			);
			defaultConfigurationIsVisible = 0;
			defaultConfigurationName = Release;
		};
/* End XCConfigurationList section */
	};
	rootObject = 9D896AAF1CDE3EC5008B0E5F /* Project object */;
}
